
Microsoft Visual Studio Solution File, Format Version 12.00
# Visual Studio 14
VisualStudioVersion = 14.0.25420.1
MinimumVisualStudioVersion = 10.0.40219.1
Project("{8BC9CEB8-8B4A-11D0-8D11-00A0C91BC942}") = "1.1.1 Das erste Programm", "1.1.1 Das erste Programm\1.1.1 Das erste Programm.vcxproj", "{4B30FDD1-CE8B-4A2B-A332-C05ED60F2111}"
EndProject
Project("{8BC9CEB8-8B4A-11D0-8D11-00A0C91BC942}") = "1.1.2 Schaltjahre", "1.1.2 Schaltjahre\1.1.2 Schaltjahre.vcxproj", "{779AA6BF-CD86-451C-A76D-FBBFE1BC60D2}"
EndProject
Project("{8BC9CEB8-8B4A-11D0-8D11-00A0C91BC942}") = "1.1.3 Maximum und Minimum von Zahlen", "1.1.3 Maximum und Minimum von Zahlen\1.1.3 Maximum und Minimum von Zahlen.vcxproj", "{E67B625B-69B5-4542-A075-A2CD21681055}"
EndProject
Project("{8BC9CEB8-8B4A-11D0-8D11-00A0C91BC942}") = "1.2.1 Sortieren von 3 Zahlen", "1.2.1 Sortieren von 3 Zahlen\1.2.1 Sortieren von 3 Zahlen.vcxproj", "{55FC91B6-43EE-41B5-9E73-3B38EE8EB388}"
EndProject
Project("{8BC9CEB8-8B4A-11D0-8D11-00A0C91BC942}") = "1.2.2 Primzahlzerlegung", "1.2.2 Primzahlzerlegung\1.2.2 Primzahlzerlegung.vcxproj", "{583C80D5-ABA8-4D59-A916-4C704EDAB467}"
EndProject
Project("{8BC9CEB8-8B4A-11D0-8D11-00A0C91BC942}") = "1.2.3 Narzisstische Zahlen mit steigender Potenz", "1.2.3 Narzisstische Zahlen mit steigender Potenz\1.2.3 Narzisstische Zahlen mit steigender Potenz.vcxproj", "{3B55BB61-322F-4F4F-BDF7-DF0E60954CE6}"
EndProject
Project("{2150E333-8FDC-42A3-9474-1A3956D46DE8}") = "Aufgabenblatt 1 Programmrahmen, Fallunterscheidungen und Schleifen", "Aufgabenblatt 1 Programmrahmen, Fallunterscheidungen und Schleifen", "{0AD7033D-C490-4DEC-9E8C-EFFBFC201FC0}"
EndProject
Project("{2150E333-8FDC-42A3-9474-1A3956D46DE8}") = "Aufgabenblatt 2 Iterative Berechnungen", "Aufgabenblatt 2 Iterative Berechnungen", "{96BE666B-4A52-435D-B202-759DC2BDF368}"
EndProject
Project("{8BC9CEB8-8B4A-11D0-8D11-00A0C91BC942}") = "2.1.1 Größter gemeinsamer Teiler", "2.1.1 Größter gemeinsamer Teiler\2.1.1 Größter gemeinsamer Teiler.vcxproj", "{B8F4901E-CE3B-4782-A5E8-57229114DDB8}"
EndProject
Project("{8BC9CEB8-8B4A-11D0-8D11-00A0C91BC942}") = "2.1.2 Eimer umfüllen", "2.1.2 Eimer umfüllen\2.1.2 Eimer umfüllen.vcxproj", "{415D3663-13E9-4949-A680-9D7941A503D5}"
EndProject
Project("{8BC9CEB8-8B4A-11D0-8D11-00A0C91BC942}") = "2.1.3 Planstellen", "2.1.3 Planstellen\2.1.3 Planstellen.vcxproj", "{82AC47DE-A16F-46B9-B7C2-CA433BECAFCA}"
EndProject
Project("{8BC9CEB8-8B4A-11D0-8D11-00A0C91BC942}") = "2.2.1 Zinsrechnung", "2.2.1 Zinsrechnung\2.2.1 Zinsrechnung.vcxproj", "{D4407250-E3C3-4CB5-A8BE-809BC3895120}"
EndProject
Project("{8BC9CEB8-8B4A-11D0-8D11-00A0C91BC942}") = "2.2.2 Sitzverteilung", "2.2.2 Sitzverteilung\2.2.2 Sitzverteilung.vcxproj", "{6F665E05-6F0F-4C6E-8046-A642CBD9A5EC}"
EndProject
Project("{8BC9CEB8-8B4A-11D0-8D11-00A0C91BC942}") = "2.2.3 Epidemie", "2.2.3 Epidemie\2.2.3 Epidemie.vcxproj", "{ED82F1DB-F1CA-4CD9-A574-351FE4184A3B}"
EndProject
Project("{2150E333-8FDC-42A3-9474-1A3956D46DE8}") = "Aufgabenblatt 3 Aussagenlogik", "Aufgabenblatt 3 Aussagenlogik", "{4E15CCC6-A380-4032-83B6-151B59455C7A}"
EndProject
Project("{8BC9CEB8-8B4A-11D0-8D11-00A0C91BC942}") = "3.1.1 Wahrheitstafeln", "3.1.1 Wahrheitstafeln\3.1.1 Wahrheitstafeln.vcxproj", "{F34235FE-4C6D-4ED6-A62D-15B8A75BACE8}"
EndProject
Project("{8BC9CEB8-8B4A-11D0-8D11-00A0C91BC942}") = "3.1.2 Entscheidungstabelle", "3.1.2 Entscheidungstabelle\3.1.2 Entscheidungstabelle.vcxproj", "{7BCD32F7-78F8-4397-A674-1EBBC8AE4133}"
EndProject
Project("{8BC9CEB8-8B4A-11D0-8D11-00A0C91BC942}") = "3.1.3 Geburtstagsfeier", "3.1.3 Geburtstagsfeier\3.1.3 Geburtstagsfeier.vcxproj", "{4F539872-E1A6-4E8F-BE13-93B4C5D69049}"
EndProject
Project("{2150E333-8FDC-42A3-9474-1A3956D46DE8}") = "Aufgabenblatt 4 Arrays", "Aufgabenblatt 4 Arrays", "{DA9ADF8F-BF03-48AA-9994-8A0CE96B0859}"
EndProject
Project("{8BC9CEB8-8B4A-11D0-8D11-00A0C91BC942}") = "4.1.1 Zahlenarray", "4.1.1 Zahlenarray\4.1.1 Zahlenarray.vcxproj", "{5C939C86-52B9-443F-B9DA-2CDADD9AD2F5}"
EndProject
Project("{8BC9CEB8-8B4A-11D0-8D11-00A0C91BC942}") = "4.1.2 Zahlen sortieren", "4.1.2 Zahlen sortieren\4.1.2 Zahlen sortieren.vcxproj", "{03A56B71-F621-412E-83D0-9F89D9C82652}"
EndProject
Project("{8BC9CEB8-8B4A-11D0-8D11-00A0C91BC942}") = "4.1.3 Magisches Quadrat prüfen", "4.1.3 Magisches Quadrat prüfen\4.1.3 Magisches Quadrat prüfen.vcxproj", "{569B03AA-9922-45FB-BEDD-05E9B66FE5EE}"
EndProject
Project("{2150E333-8FDC-42A3-9474-1A3956D46DE8}") = "Zusatz", "Zusatz", "{B8D94EE8-3A3E-403C-8113-8EAD0DF0C600}"
EndProject
Project("{8BC9CEB8-8B4A-11D0-8D11-00A0C91BC942}") = "Wie wasserdicht ist Schweizer Käse", "Wie wasserdicht ist Schweizer Käse\Wie wasserdicht ist Schweizer Käse.vcxproj", "{36846210-28C5-4613-92A2-EA9309B3D437}"
EndProject
Project("{2150E333-8FDC-42A3-9474-1A3956D46DE8}") = "Aufgabenblatt 5 Zeichenketten", "Aufgabenblatt 5 Zeichenketten", "{664E67E1-6CF9-4BDE-B04B-940DC0123B22}"
EndProject
Project("{8BC9CEB8-8B4A-11D0-8D11-00A0C91BC942}") = "5.1.1 Buchstaben zählen", "5.1.1 Buchstaben zählen\5.1.1 Buchstaben zählen.vcxproj", "{99EA7F4B-CC35-406B-B1C1-2227993AF97B}"
EndProject
Project("{8BC9CEB8-8B4A-11D0-8D11-00A0C91BC942}") = "5.1.4 Zahl aus String berechnen", "5.1.4 Zahl aus String berechnen\5.1.4 Zahl aus String berechnen.vcxproj", "{41BB8422-4551-46BD-8AAE-45C32D04DD01}"
EndProject
Project("{8BC9CEB8-8B4A-11D0-8D11-00A0C91BC942}") = "5.2.3 Doubletten aus einem String entfernen", "5.2.3 Doubletten aus einem String entfernen\5.2.3 Doubletten aus einem String entfernen.vcxproj", "{19E9EE18-F9F3-424B-8F61-A842F824C401}"
EndProject
Project("{8BC9CEB8-8B4A-11D0-8D11-00A0C91BC942}") = "3.2.2 Banktresor", "3.2.2 Banktresor\3.2.2 Banktresor.vcxproj", "{950FE9ED-C703-400A-9563-E1D5863FC179}"
EndProject
Project("{8BC9CEB8-8B4A-11D0-8D11-00A0C91BC942}") = "5.2.1 Palindromerkennung", "5.2.1 Palindromerkennung\5.2.1 Palindromerkennung.vcxproj", "{123EB6C7-B748-46A5-9C85-15EFC24BE7FF}"
EndProject
Project("{8BC9CEB8-8B4A-11D0-8D11-00A0C91BC942}") = "5.2.2 Alphabetischer Stringvergleich", "5.2.2 Alphabetischer Stringvergleich\5.2.2 Alphabetischer Stringvergleich.vcxproj", "{91F63A57-D8C0-4D6E-B45B-D8C8EC8F59B8}"
EndProject
Project("{8BC9CEB8-8B4A-11D0-8D11-00A0C91BC942}") = "5.1.2 Zeichenkette umkehren", "5.1.2 Zeichenkette umkehren\5.1.2 Zeichenkette umkehren.vcxproj", "{F9E03126-7363-458E-8053-BBD4E25DAAE6}"
EndProject
Project("{8BC9CEB8-8B4A-11D0-8D11-00A0C91BC942}") = "5.1.3 Zeichen entfernen", "5.1.3 Zeichen entfernen\5.1.3 Zeichen entfernen.vcxproj", "{4132DD1A-0B7F-4F02-85F6-CB0A8C1D8A04}"
EndProject
Project("{2150E333-8FDC-42A3-9474-1A3956D46DE8}") = "Aufgabenblatt 6 Funktionen", "Aufgabenblatt 6 Funktionen", "{D3FE282F-688D-42CE-B211-364C8895E016}"
EndProject
Project("{8BC9CEB8-8B4A-11D0-8D11-00A0C91BC942}") = "6.1.1 Potenzfunktion", "6.1.1 Potenzfunktion\6.1.1 Potenzfunktion.vcxproj", "{5BCC88B0-A107-454E-B179-6ACC08403978}"
EndProject
Project("{8BC9CEB8-8B4A-11D0-8D11-00A0C91BC942}") = "6.1.2 Exponentialfunktion", "6.1.2 Exponentialfunktion\6.1.2 Exponentialfunktion.vcxproj", "{57C0192A-AA19-453A-81F8-C0B0E1B3EE4B}"
EndProject
Project("{8BC9CEB8-8B4A-11D0-8D11-00A0C91BC942}") = "6.1.3 Binomialkoeffizient", "6.1.3 Binomialkoeffizient\6.1.3 Binomialkoeffizient.vcxproj", "{A798E296-1236-4423-A077-65FC36419B5F}"
EndProject
Project("{2150E333-8FDC-42A3-9474-1A3956D46DE8}") = "Aufgabenblatt 7 Rekursion", "Aufgabenblatt 7 Rekursion", "{94553131-ED7B-4FE9-B6F8-57D286F7DE4B}"
EndProject
Project("{8BC9CEB8-8B4A-11D0-8D11-00A0C91BC942}") = "7.1.1 Rekursive Stringfunktionen", "7.1.1 Rekursive Stringfunktionen\7.1.1 Rekursive Stringfunktionen.vcxproj", "{BB68A4F4-0682-4F73-A3DA-087CECE093B2}"
EndProject
Project("{8BC9CEB8-8B4A-11D0-8D11-00A0C91BC942}") = "7.1.2 Binomialkoeffizient rekursiv", "7.1.2 Binomialkoeffizient rekursiv\7.1.2 Binomialkoeffizient rekursiv.vcxproj", "{3AF4A3F2-593F-433F-BB6E-FABF876243AD}"
EndProject
Project("{8BC9CEB8-8B4A-11D0-8D11-00A0C91BC942}") = "7.1.3 Rekursiv sortieren", "7.1.3 Rekursiv sortieren\7.1.3 Rekursiv sortieren.vcxproj", "{60DF389F-5A09-4641-8E54-80AA9A07F21B}"
EndProject
Project("{8BC9CEB8-8B4A-11D0-8D11-00A0C91BC942}") = "7.1.4 Springer", "7.1.4 Springer\7.1.4 Springer.vcxproj", "{641E8EF0-5EF7-414F-9D1D-EE0E9A8CD95D}"
EndProject
Project("{8BC9CEB8-8B4A-11D0-8D11-00A0C91BC942}") = "7.2.4 Optimale Zugfolge des Springers", "7.2.4 Optimale Zugfolge des Springers\7.2.4 Optimale Zugfolge des Springers.vcxproj", "{AF586123-6D3B-4D2E-B3B8-4B634ACA2340}"
EndProject
Project("{8BC9CEB8-8B4A-11D0-8D11-00A0C91BC942}") = "7.2.1 Zeichenkette umgekehrt ausgeben", "7.2.1 Zeichenkette umgekehrt ausgeben\7.2.1 Zeichenkette umgekehrt ausgeben.vcxproj", "{13B5C284-8B30-44A2-A184-052B2E765C2B}"
EndProject
Project("{8BC9CEB8-8B4A-11D0-8D11-00A0C91BC942}") = "7.2.2 Binomialkoeffizienten rekursiv berechnen", "7.2.2 Binomialkoeffizienten rekursiv berechnen\7.2.2 Binomialkoeffizienten rekursiv berechnen.vcxproj", "{E8B096F8-6437-480D-9709-FF06CCCAE766}"
EndProject
Project("{8BC9CEB8-8B4A-11D0-8D11-00A0C91BC942}") = "7.2.3 Zahlen rekursiv anordnen", "7.2.3 Zahlen rekursiv anordnen\7.2.3 Zahlen rekursiv anordnen.vcxproj", "{8D98F5C9-0D3B-4E8C-B40C-303303F36FA9}"
EndProject
Project("{8BC9CEB8-8B4A-11D0-8D11-00A0C91BC942}") = "7.2.5 Solitär", "7.2.5 Solitär\7.2.5 Solitär.vcxproj", "{85795BBD-AC2C-44BE-A46C-0F0FA02DB0BB}"
EndProject
Project("{8BC9CEB8-8B4A-11D0-8D11-00A0C91BC942}") = "6.1.4 Stringfunktionen", "6.1.4 Stringfunktionen\6.1.4 Stringfunktionen.vcxproj", "{EB2C6F91-DC1D-4D67-80BF-FEDCE9F37A55}"
EndProject
Project("{2150E333-8FDC-42A3-9474-1A3956D46DE8}") = "Aufgabenblatt 8 Dateioperationen", "Aufgabenblatt 8 Dateioperationen", "{C1745BBF-2A9D-4ED8-8F20-1503F12E3848}"
EndProject
Project("{8BC9CEB8-8B4A-11D0-8D11-00A0C91BC942}") = "8.1.1 Textdatei mit Zahlen", "8.1.1 Textdatei mit Zahlen\8.1.1 Textdatei mit Zahlen.vcxproj", "{65A49D4F-1E3C-41AF-B1FE-14D55F0F5666}"
EndProject
Project("{8BC9CEB8-8B4A-11D0-8D11-00A0C91BC942}") = "8.1.2 Datei verschlüsseln", "8.1.2 Datei verschlüsseln\8.1.2 Datei verschlüsseln.vcxproj", "{AA5763FF-34DA-4AF9-A002-D4688333869E}"
EndProject
Project("{2150E333-8FDC-42A3-9474-1A3956D46DE8}") = "Aufgabenblatt 9 Zeiger und Adressen", "Aufgabenblatt 9 Zeiger und Adressen", "{34615FB8-574D-43A9-9158-D56F5FFC2AAD}"
EndProject
Project("{8BC9CEB8-8B4A-11D0-8D11-00A0C91BC942}") = "9.1.1 Mittelwert und Varianz", "9.1.1 Mittelwert und Varianz\9.1.1 Mittelwert und Varianz.vcxproj", "{C9251894-6CA2-4E20-8A37-FBF5CCC10263}"
EndProject
Project("{8BC9CEB8-8B4A-11D0-8D11-00A0C91BC942}") = "9.1.2 Addieren mit variabler Parameterzahl", "9.1.2 Addieren mit variabler Parameterzahl\9.1.2 Addieren mit variabler Parameterzahl.vcxproj", "{917DB8F5-C562-4CB2-B37E-F53121DF167D}"
EndProject
Project("{8BC9CEB8-8B4A-11D0-8D11-00A0C91BC942}") = "9.1.3 Arrayoperationen", "9.1.3 Arrayoperationen\9.1.3 Arrayoperationen.vcxproj", "{295E38C7-3CC4-4D4B-9BAD-DA2D19A96E70}"
EndProject
Project("{8BC9CEB8-8B4A-11D0-8D11-00A0C91BC942}") = "9.2.1 Größte und zweitgrößte Zahl", "9.2.1 Größte und zweitgrößte Zahl\9.2.1 Größte und zweitgrößte Zahl.vcxproj", "{5832CF12-E8DE-4B06-B2D4-0A51189AC68C}"
EndProject
Project("{8BC9CEB8-8B4A-11D0-8D11-00A0C91BC942}") = "9.2.2 Ausgabe mit variabler Parameterzahl", "9.2.2 Ausgabe mit variabler Parameterzahl\9.2.2 Ausgabe mit variabler Parameterzahl.vcxproj", "{7C7533DE-B0E5-4477-8072-2EE7717314C6}"
EndProject
Project("{8BC9CEB8-8B4A-11D0-8D11-00A0C91BC942}") = "9.2.3 Sortieren mit Funktionszeigern", "9.2.3 Sortieren mit Funktionszeigern\9.2.3 Sortieren mit Funktionszeigern.vcxproj", "{6E78BC34-D10F-49D9-818B-60CAE9481804}"
EndProject
Project("{2150E333-8FDC-42A3-9474-1A3956D46DE8}") = "Igel - Examples", "Igel - Examples", "{9B188E58-1D3E-49EF-97B3-757DBE389232}"
EndProject
Project("{8BC9CEB8-8B4A-11D0-8D11-00A0C91BC942}") = "Bälle", "Bälle\Bälle.vcxproj", "{A728FBB1-440C-443E-98E8-E8AC51D1C10C}"
EndProject
Project("{8BC9CEB8-8B4A-11D0-8D11-00A0C91BC942}") = "Life", "Life\Life.vcxproj", "{3D0BDBF4-32AA-4DF5-9D45-9F483F1C9221}"
EndProject
Project("{8BC9CEB8-8B4A-11D0-8D11-00A0C91BC942}") = "Scribble", "Scribble\Scribble.vcxproj", "{76CC5091-B925-47A5-B538-69A3B07D9654}"
EndProject
Global
	GlobalSection(SolutionConfigurationPlatforms) = preSolution
		Debug|x64 = Debug|x64
		Debug|x86 = Debug|x86
		Release|x64 = Release|x64
		Release|x86 = Release|x86
	EndGlobalSection
	GlobalSection(ProjectConfigurationPlatforms) = postSolution
		{4B30FDD1-CE8B-4A2B-A332-C05ED60F2111}.Debug|x64.ActiveCfg = Debug|x64
		{4B30FDD1-CE8B-4A2B-A332-C05ED60F2111}.Debug|x64.Build.0 = Debug|x64
		{4B30FDD1-CE8B-4A2B-A332-C05ED60F2111}.Debug|x86.ActiveCfg = Debug|Win32
		{4B30FDD1-CE8B-4A2B-A332-C05ED60F2111}.Debug|x86.Build.0 = Debug|Win32
		{4B30FDD1-CE8B-4A2B-A332-C05ED60F2111}.Release|x64.ActiveCfg = Release|x64
		{4B30FDD1-CE8B-4A2B-A332-C05ED60F2111}.Release|x64.Build.0 = Release|x64
		{4B30FDD1-CE8B-4A2B-A332-C05ED60F2111}.Release|x86.ActiveCfg = Release|Win32
		{4B30FDD1-CE8B-4A2B-A332-C05ED60F2111}.Release|x86.Build.0 = Release|Win32
		{779AA6BF-CD86-451C-A76D-FBBFE1BC60D2}.Debug|x64.ActiveCfg = Debug|x64
		{779AA6BF-CD86-451C-A76D-FBBFE1BC60D2}.Debug|x64.Build.0 = Debug|x64
		{779AA6BF-CD86-451C-A76D-FBBFE1BC60D2}.Debug|x86.ActiveCfg = Debug|Win32
		{779AA6BF-CD86-451C-A76D-FBBFE1BC60D2}.Debug|x86.Build.0 = Debug|Win32
		{779AA6BF-CD86-451C-A76D-FBBFE1BC60D2}.Release|x64.ActiveCfg = Release|x64
		{779AA6BF-CD86-451C-A76D-FBBFE1BC60D2}.Release|x64.Build.0 = Release|x64
		{779AA6BF-CD86-451C-A76D-FBBFE1BC60D2}.Release|x86.ActiveCfg = Release|Win32
		{779AA6BF-CD86-451C-A76D-FBBFE1BC60D2}.Release|x86.Build.0 = Release|Win32
		{E67B625B-69B5-4542-A075-A2CD21681055}.Debug|x64.ActiveCfg = Debug|x64
		{E67B625B-69B5-4542-A075-A2CD21681055}.Debug|x64.Build.0 = Debug|x64
		{E67B625B-69B5-4542-A075-A2CD21681055}.Debug|x86.ActiveCfg = Debug|Win32
		{E67B625B-69B5-4542-A075-A2CD21681055}.Debug|x86.Build.0 = Debug|Win32
		{E67B625B-69B5-4542-A075-A2CD21681055}.Release|x64.ActiveCfg = Release|x64
		{E67B625B-69B5-4542-A075-A2CD21681055}.Release|x64.Build.0 = Release|x64
		{E67B625B-69B5-4542-A075-A2CD21681055}.Release|x86.ActiveCfg = Release|Win32
		{E67B625B-69B5-4542-A075-A2CD21681055}.Release|x86.Build.0 = Release|Win32
		{55FC91B6-43EE-41B5-9E73-3B38EE8EB388}.Debug|x64.ActiveCfg = Debug|x64
		{55FC91B6-43EE-41B5-9E73-3B38EE8EB388}.Debug|x64.Build.0 = Debug|x64
		{55FC91B6-43EE-41B5-9E73-3B38EE8EB388}.Debug|x86.ActiveCfg = Debug|Win32
		{55FC91B6-43EE-41B5-9E73-3B38EE8EB388}.Debug|x86.Build.0 = Debug|Win32
		{55FC91B6-43EE-41B5-9E73-3B38EE8EB388}.Release|x64.ActiveCfg = Release|x64
		{55FC91B6-43EE-41B5-9E73-3B38EE8EB388}.Release|x64.Build.0 = Release|x64
		{55FC91B6-43EE-41B5-9E73-3B38EE8EB388}.Release|x86.ActiveCfg = Release|Win32
		{55FC91B6-43EE-41B5-9E73-3B38EE8EB388}.Release|x86.Build.0 = Release|Win32
		{583C80D5-ABA8-4D59-A916-4C704EDAB467}.Debug|x64.ActiveCfg = Debug|x64
		{583C80D5-ABA8-4D59-A916-4C704EDAB467}.Debug|x64.Build.0 = Debug|x64
		{583C80D5-ABA8-4D59-A916-4C704EDAB467}.Debug|x86.ActiveCfg = Debug|Win32
		{583C80D5-ABA8-4D59-A916-4C704EDAB467}.Debug|x86.Build.0 = Debug|Win32
		{583C80D5-ABA8-4D59-A916-4C704EDAB467}.Release|x64.ActiveCfg = Release|x64
		{583C80D5-ABA8-4D59-A916-4C704EDAB467}.Release|x64.Build.0 = Release|x64
		{583C80D5-ABA8-4D59-A916-4C704EDAB467}.Release|x86.ActiveCfg = Release|Win32
		{583C80D5-ABA8-4D59-A916-4C704EDAB467}.Release|x86.Build.0 = Release|Win32
		{3B55BB61-322F-4F4F-BDF7-DF0E60954CE6}.Debug|x64.ActiveCfg = Debug|x64
		{3B55BB61-322F-4F4F-BDF7-DF0E60954CE6}.Debug|x64.Build.0 = Debug|x64
		{3B55BB61-322F-4F4F-BDF7-DF0E60954CE6}.Debug|x86.ActiveCfg = Debug|Win32
		{3B55BB61-322F-4F4F-BDF7-DF0E60954CE6}.Debug|x86.Build.0 = Debug|Win32
		{3B55BB61-322F-4F4F-BDF7-DF0E60954CE6}.Release|x64.ActiveCfg = Release|x64
		{3B55BB61-322F-4F4F-BDF7-DF0E60954CE6}.Release|x64.Build.0 = Release|x64
		{3B55BB61-322F-4F4F-BDF7-DF0E60954CE6}.Release|x86.ActiveCfg = Release|Win32
		{3B55BB61-322F-4F4F-BDF7-DF0E60954CE6}.Release|x86.Build.0 = Release|Win32
		{B8F4901E-CE3B-4782-A5E8-57229114DDB8}.Debug|x64.ActiveCfg = Debug|x64
		{B8F4901E-CE3B-4782-A5E8-57229114DDB8}.Debug|x64.Build.0 = Debug|x64
		{B8F4901E-CE3B-4782-A5E8-57229114DDB8}.Debug|x86.ActiveCfg = Debug|Win32
		{B8F4901E-CE3B-4782-A5E8-57229114DDB8}.Debug|x86.Build.0 = Debug|Win32
		{B8F4901E-CE3B-4782-A5E8-57229114DDB8}.Release|x64.ActiveCfg = Release|x64
		{B8F4901E-CE3B-4782-A5E8-57229114DDB8}.Release|x64.Build.0 = Release|x64
		{B8F4901E-CE3B-4782-A5E8-57229114DDB8}.Release|x86.ActiveCfg = Release|Win32
		{B8F4901E-CE3B-4782-A5E8-57229114DDB8}.Release|x86.Build.0 = Release|Win32
		{415D3663-13E9-4949-A680-9D7941A503D5}.Debug|x64.ActiveCfg = Debug|x64
		{415D3663-13E9-4949-A680-9D7941A503D5}.Debug|x64.Build.0 = Debug|x64
		{415D3663-13E9-4949-A680-9D7941A503D5}.Debug|x86.ActiveCfg = Debug|Win32
		{415D3663-13E9-4949-A680-9D7941A503D5}.Debug|x86.Build.0 = Debug|Win32
		{415D3663-13E9-4949-A680-9D7941A503D5}.Release|x64.ActiveCfg = Release|x64
		{415D3663-13E9-4949-A680-9D7941A503D5}.Release|x64.Build.0 = Release|x64
		{415D3663-13E9-4949-A680-9D7941A503D5}.Release|x86.ActiveCfg = Release|Win32
		{415D3663-13E9-4949-A680-9D7941A503D5}.Release|x86.Build.0 = Release|Win32
		{82AC47DE-A16F-46B9-B7C2-CA433BECAFCA}.Debug|x64.ActiveCfg = Debug|x64
		{82AC47DE-A16F-46B9-B7C2-CA433BECAFCA}.Debug|x64.Build.0 = Debug|x64
		{82AC47DE-A16F-46B9-B7C2-CA433BECAFCA}.Debug|x86.ActiveCfg = Debug|Win32
		{82AC47DE-A16F-46B9-B7C2-CA433BECAFCA}.Debug|x86.Build.0 = Debug|Win32
		{82AC47DE-A16F-46B9-B7C2-CA433BECAFCA}.Release|x64.ActiveCfg = Release|x64
		{82AC47DE-A16F-46B9-B7C2-CA433BECAFCA}.Release|x64.Build.0 = Release|x64
		{82AC47DE-A16F-46B9-B7C2-CA433BECAFCA}.Release|x86.ActiveCfg = Release|Win32
		{82AC47DE-A16F-46B9-B7C2-CA433BECAFCA}.Release|x86.Build.0 = Release|Win32
		{D4407250-E3C3-4CB5-A8BE-809BC3895120}.Debug|x64.ActiveCfg = Debug|x64
		{D4407250-E3C3-4CB5-A8BE-809BC3895120}.Debug|x64.Build.0 = Debug|x64
		{D4407250-E3C3-4CB5-A8BE-809BC3895120}.Debug|x86.ActiveCfg = Debug|Win32
		{D4407250-E3C3-4CB5-A8BE-809BC3895120}.Debug|x86.Build.0 = Debug|Win32
		{D4407250-E3C3-4CB5-A8BE-809BC3895120}.Release|x64.ActiveCfg = Release|x64
		{D4407250-E3C3-4CB5-A8BE-809BC3895120}.Release|x64.Build.0 = Release|x64
		{D4407250-E3C3-4CB5-A8BE-809BC3895120}.Release|x86.ActiveCfg = Release|Win32
		{D4407250-E3C3-4CB5-A8BE-809BC3895120}.Release|x86.Build.0 = Release|Win32
		{6F665E05-6F0F-4C6E-8046-A642CBD9A5EC}.Debug|x64.ActiveCfg = Debug|x64
		{6F665E05-6F0F-4C6E-8046-A642CBD9A5EC}.Debug|x64.Build.0 = Debug|x64
		{6F665E05-6F0F-4C6E-8046-A642CBD9A5EC}.Debug|x86.ActiveCfg = Debug|Win32
		{6F665E05-6F0F-4C6E-8046-A642CBD9A5EC}.Debug|x86.Build.0 = Debug|Win32
		{6F665E05-6F0F-4C6E-8046-A642CBD9A5EC}.Release|x64.ActiveCfg = Release|x64
		{6F665E05-6F0F-4C6E-8046-A642CBD9A5EC}.Release|x64.Build.0 = Release|x64
		{6F665E05-6F0F-4C6E-8046-A642CBD9A5EC}.Release|x86.ActiveCfg = Release|Win32
		{6F665E05-6F0F-4C6E-8046-A642CBD9A5EC}.Release|x86.Build.0 = Release|Win32
		{ED82F1DB-F1CA-4CD9-A574-351FE4184A3B}.Debug|x64.ActiveCfg = Debug|x64
		{ED82F1DB-F1CA-4CD9-A574-351FE4184A3B}.Debug|x64.Build.0 = Debug|x64
		{ED82F1DB-F1CA-4CD9-A574-351FE4184A3B}.Debug|x86.ActiveCfg = Debug|Win32
		{ED82F1DB-F1CA-4CD9-A574-351FE4184A3B}.Debug|x86.Build.0 = Debug|Win32
		{ED82F1DB-F1CA-4CD9-A574-351FE4184A3B}.Release|x64.ActiveCfg = Release|x64
		{ED82F1DB-F1CA-4CD9-A574-351FE4184A3B}.Release|x64.Build.0 = Release|x64
		{ED82F1DB-F1CA-4CD9-A574-351FE4184A3B}.Release|x86.ActiveCfg = Release|Win32
		{ED82F1DB-F1CA-4CD9-A574-351FE4184A3B}.Release|x86.Build.0 = Release|Win32
		{F34235FE-4C6D-4ED6-A62D-15B8A75BACE8}.Debug|x64.ActiveCfg = Debug|x64
		{F34235FE-4C6D-4ED6-A62D-15B8A75BACE8}.Debug|x64.Build.0 = Debug|x64
		{F34235FE-4C6D-4ED6-A62D-15B8A75BACE8}.Debug|x86.ActiveCfg = Debug|Win32
		{F34235FE-4C6D-4ED6-A62D-15B8A75BACE8}.Debug|x86.Build.0 = Debug|Win32
		{F34235FE-4C6D-4ED6-A62D-15B8A75BACE8}.Release|x64.ActiveCfg = Release|x64
		{F34235FE-4C6D-4ED6-A62D-15B8A75BACE8}.Release|x64.Build.0 = Release|x64
		{F34235FE-4C6D-4ED6-A62D-15B8A75BACE8}.Release|x86.ActiveCfg = Release|Win32
		{F34235FE-4C6D-4ED6-A62D-15B8A75BACE8}.Release|x86.Build.0 = Release|Win32
		{7BCD32F7-78F8-4397-A674-1EBBC8AE4133}.Debug|x64.ActiveCfg = Debug|x64
		{7BCD32F7-78F8-4397-A674-1EBBC8AE4133}.Debug|x64.Build.0 = Debug|x64
		{7BCD32F7-78F8-4397-A674-1EBBC8AE4133}.Debug|x86.ActiveCfg = Debug|Win32
		{7BCD32F7-78F8-4397-A674-1EBBC8AE4133}.Debug|x86.Build.0 = Debug|Win32
		{7BCD32F7-78F8-4397-A674-1EBBC8AE4133}.Release|x64.ActiveCfg = Release|x64
		{7BCD32F7-78F8-4397-A674-1EBBC8AE4133}.Release|x64.Build.0 = Release|x64
		{7BCD32F7-78F8-4397-A674-1EBBC8AE4133}.Release|x86.ActiveCfg = Release|Win32
		{7BCD32F7-78F8-4397-A674-1EBBC8AE4133}.Release|x86.Build.0 = Release|Win32
		{4F539872-E1A6-4E8F-BE13-93B4C5D69049}.Debug|x64.ActiveCfg = Debug|x64
		{4F539872-E1A6-4E8F-BE13-93B4C5D69049}.Debug|x64.Build.0 = Debug|x64
		{4F539872-E1A6-4E8F-BE13-93B4C5D69049}.Debug|x86.ActiveCfg = Debug|Win32
		{4F539872-E1A6-4E8F-BE13-93B4C5D69049}.Debug|x86.Build.0 = Debug|Win32
		{4F539872-E1A6-4E8F-BE13-93B4C5D69049}.Release|x64.ActiveCfg = Release|x64
		{4F539872-E1A6-4E8F-BE13-93B4C5D69049}.Release|x64.Build.0 = Release|x64
		{4F539872-E1A6-4E8F-BE13-93B4C5D69049}.Release|x86.ActiveCfg = Release|Win32
		{4F539872-E1A6-4E8F-BE13-93B4C5D69049}.Release|x86.Build.0 = Release|Win32
		{5C939C86-52B9-443F-B9DA-2CDADD9AD2F5}.Debug|x64.ActiveCfg = Debug|x64
		{5C939C86-52B9-443F-B9DA-2CDADD9AD2F5}.Debug|x64.Build.0 = Debug|x64
		{5C939C86-52B9-443F-B9DA-2CDADD9AD2F5}.Debug|x86.ActiveCfg = Debug|Win32
		{5C939C86-52B9-443F-B9DA-2CDADD9AD2F5}.Debug|x86.Build.0 = Debug|Win32
		{5C939C86-52B9-443F-B9DA-2CDADD9AD2F5}.Release|x64.ActiveCfg = Release|x64
		{5C939C86-52B9-443F-B9DA-2CDADD9AD2F5}.Release|x64.Build.0 = Release|x64
		{5C939C86-52B9-443F-B9DA-2CDADD9AD2F5}.Release|x86.ActiveCfg = Release|Win32
		{5C939C86-52B9-443F-B9DA-2CDADD9AD2F5}.Release|x86.Build.0 = Release|Win32
		{03A56B71-F621-412E-83D0-9F89D9C82652}.Debug|x64.ActiveCfg = Debug|x64
		{03A56B71-F621-412E-83D0-9F89D9C82652}.Debug|x64.Build.0 = Debug|x64
		{03A56B71-F621-412E-83D0-9F89D9C82652}.Debug|x86.ActiveCfg = Debug|Win32
		{03A56B71-F621-412E-83D0-9F89D9C82652}.Debug|x86.Build.0 = Debug|Win32
		{03A56B71-F621-412E-83D0-9F89D9C82652}.Release|x64.ActiveCfg = Release|x64
		{03A56B71-F621-412E-83D0-9F89D9C82652}.Release|x64.Build.0 = Release|x64
		{03A56B71-F621-412E-83D0-9F89D9C82652}.Release|x86.ActiveCfg = Release|Win32
		{03A56B71-F621-412E-83D0-9F89D9C82652}.Release|x86.Build.0 = Release|Win32
		{569B03AA-9922-45FB-BEDD-05E9B66FE5EE}.Debug|x64.ActiveCfg = Debug|x64
		{569B03AA-9922-45FB-BEDD-05E9B66FE5EE}.Debug|x64.Build.0 = Debug|x64
		{569B03AA-9922-45FB-BEDD-05E9B66FE5EE}.Debug|x86.ActiveCfg = Debug|Win32
		{569B03AA-9922-45FB-BEDD-05E9B66FE5EE}.Debug|x86.Build.0 = Debug|Win32
		{569B03AA-9922-45FB-BEDD-05E9B66FE5EE}.Release|x64.ActiveCfg = Release|x64
		{569B03AA-9922-45FB-BEDD-05E9B66FE5EE}.Release|x64.Build.0 = Release|x64
		{569B03AA-9922-45FB-BEDD-05E9B66FE5EE}.Release|x86.ActiveCfg = Release|Win32
		{569B03AA-9922-45FB-BEDD-05E9B66FE5EE}.Release|x86.Build.0 = Release|Win32
		{36846210-28C5-4613-92A2-EA9309B3D437}.Debug|x64.ActiveCfg = Debug|x64
		{36846210-28C5-4613-92A2-EA9309B3D437}.Debug|x64.Build.0 = Debug|x64
		{36846210-28C5-4613-92A2-EA9309B3D437}.Debug|x86.ActiveCfg = Debug|Win32
		{36846210-28C5-4613-92A2-EA9309B3D437}.Debug|x86.Build.0 = Debug|Win32
		{36846210-28C5-4613-92A2-EA9309B3D437}.Release|x64.ActiveCfg = Release|x64
		{36846210-28C5-4613-92A2-EA9309B3D437}.Release|x64.Build.0 = Release|x64
		{36846210-28C5-4613-92A2-EA9309B3D437}.Release|x86.ActiveCfg = Release|Win32
		{36846210-28C5-4613-92A2-EA9309B3D437}.Release|x86.Build.0 = Release|Win32
		{99EA7F4B-CC35-406B-B1C1-2227993AF97B}.Debug|x64.ActiveCfg = Debug|x64
		{99EA7F4B-CC35-406B-B1C1-2227993AF97B}.Debug|x64.Build.0 = Debug|x64
		{99EA7F4B-CC35-406B-B1C1-2227993AF97B}.Debug|x86.ActiveCfg = Debug|Win32
		{99EA7F4B-CC35-406B-B1C1-2227993AF97B}.Debug|x86.Build.0 = Debug|Win32
		{99EA7F4B-CC35-406B-B1C1-2227993AF97B}.Release|x64.ActiveCfg = Release|x64
		{99EA7F4B-CC35-406B-B1C1-2227993AF97B}.Release|x64.Build.0 = Release|x64
		{99EA7F4B-CC35-406B-B1C1-2227993AF97B}.Release|x86.ActiveCfg = Release|Win32
		{99EA7F4B-CC35-406B-B1C1-2227993AF97B}.Release|x86.Build.0 = Release|Win32
		{41BB8422-4551-46BD-8AAE-45C32D04DD01}.Debug|x64.ActiveCfg = Debug|x64
		{41BB8422-4551-46BD-8AAE-45C32D04DD01}.Debug|x64.Build.0 = Debug|x64
		{41BB8422-4551-46BD-8AAE-45C32D04DD01}.Debug|x86.ActiveCfg = Debug|Win32
		{41BB8422-4551-46BD-8AAE-45C32D04DD01}.Debug|x86.Build.0 = Debug|Win32
		{41BB8422-4551-46BD-8AAE-45C32D04DD01}.Release|x64.ActiveCfg = Release|x64
		{41BB8422-4551-46BD-8AAE-45C32D04DD01}.Release|x64.Build.0 = Release|x64
		{41BB8422-4551-46BD-8AAE-45C32D04DD01}.Release|x86.ActiveCfg = Release|Win32
		{41BB8422-4551-46BD-8AAE-45C32D04DD01}.Release|x86.Build.0 = Release|Win32
		{19E9EE18-F9F3-424B-8F61-A842F824C401}.Debug|x64.ActiveCfg = Debug|x64
		{19E9EE18-F9F3-424B-8F61-A842F824C401}.Debug|x64.Build.0 = Debug|x64
		{19E9EE18-F9F3-424B-8F61-A842F824C401}.Debug|x86.ActiveCfg = Debug|Win32
		{19E9EE18-F9F3-424B-8F61-A842F824C401}.Debug|x86.Build.0 = Debug|Win32
		{19E9EE18-F9F3-424B-8F61-A842F824C401}.Release|x64.ActiveCfg = Release|x64
		{19E9EE18-F9F3-424B-8F61-A842F824C401}.Release|x64.Build.0 = Release|x64
		{19E9EE18-F9F3-424B-8F61-A842F824C401}.Release|x86.ActiveCfg = Release|Win32
		{19E9EE18-F9F3-424B-8F61-A842F824C401}.Release|x86.Build.0 = Release|Win32
		{950FE9ED-C703-400A-9563-E1D5863FC179}.Debug|x64.ActiveCfg = Debug|x64
		{950FE9ED-C703-400A-9563-E1D5863FC179}.Debug|x64.Build.0 = Debug|x64
		{950FE9ED-C703-400A-9563-E1D5863FC179}.Debug|x86.ActiveCfg = Debug|Win32
		{950FE9ED-C703-400A-9563-E1D5863FC179}.Debug|x86.Build.0 = Debug|Win32
		{950FE9ED-C703-400A-9563-E1D5863FC179}.Release|x64.ActiveCfg = Release|x64
		{950FE9ED-C703-400A-9563-E1D5863FC179}.Release|x64.Build.0 = Release|x64
		{950FE9ED-C703-400A-9563-E1D5863FC179}.Release|x86.ActiveCfg = Release|Win32
		{950FE9ED-C703-400A-9563-E1D5863FC179}.Release|x86.Build.0 = Release|Win32
		{123EB6C7-B748-46A5-9C85-15EFC24BE7FF}.Debug|x64.ActiveCfg = Debug|x64
		{123EB6C7-B748-46A5-9C85-15EFC24BE7FF}.Debug|x64.Build.0 = Debug|x64
		{123EB6C7-B748-46A5-9C85-15EFC24BE7FF}.Debug|x86.ActiveCfg = Debug|Win32
		{123EB6C7-B748-46A5-9C85-15EFC24BE7FF}.Debug|x86.Build.0 = Debug|Win32
		{123EB6C7-B748-46A5-9C85-15EFC24BE7FF}.Release|x64.ActiveCfg = Release|x64
		{123EB6C7-B748-46A5-9C85-15EFC24BE7FF}.Release|x64.Build.0 = Release|x64
		{123EB6C7-B748-46A5-9C85-15EFC24BE7FF}.Release|x86.ActiveCfg = Release|Win32
		{123EB6C7-B748-46A5-9C85-15EFC24BE7FF}.Release|x86.Build.0 = Release|Win32
		{91F63A57-D8C0-4D6E-B45B-D8C8EC8F59B8}.Debug|x64.ActiveCfg = Debug|x64
		{91F63A57-D8C0-4D6E-B45B-D8C8EC8F59B8}.Debug|x64.Build.0 = Debug|x64
		{91F63A57-D8C0-4D6E-B45B-D8C8EC8F59B8}.Debug|x86.ActiveCfg = Debug|Win32
		{91F63A57-D8C0-4D6E-B45B-D8C8EC8F59B8}.Debug|x86.Build.0 = Debug|Win32
		{91F63A57-D8C0-4D6E-B45B-D8C8EC8F59B8}.Release|x64.ActiveCfg = Release|x64
		{91F63A57-D8C0-4D6E-B45B-D8C8EC8F59B8}.Release|x64.Build.0 = Release|x64
		{91F63A57-D8C0-4D6E-B45B-D8C8EC8F59B8}.Release|x86.ActiveCfg = Release|Win32
		{91F63A57-D8C0-4D6E-B45B-D8C8EC8F59B8}.Release|x86.Build.0 = Release|Win32
		{F9E03126-7363-458E-8053-BBD4E25DAAE6}.Debug|x64.ActiveCfg = Debug|x64
		{F9E03126-7363-458E-8053-BBD4E25DAAE6}.Debug|x64.Build.0 = Debug|x64
		{F9E03126-7363-458E-8053-BBD4E25DAAE6}.Debug|x86.ActiveCfg = Debug|Win32
		{F9E03126-7363-458E-8053-BBD4E25DAAE6}.Debug|x86.Build.0 = Debug|Win32
		{F9E03126-7363-458E-8053-BBD4E25DAAE6}.Release|x64.ActiveCfg = Release|x64
		{F9E03126-7363-458E-8053-BBD4E25DAAE6}.Release|x64.Build.0 = Release|x64
		{F9E03126-7363-458E-8053-BBD4E25DAAE6}.Release|x86.ActiveCfg = Release|Win32
		{F9E03126-7363-458E-8053-BBD4E25DAAE6}.Release|x86.Build.0 = Release|Win32
		{4132DD1A-0B7F-4F02-85F6-CB0A8C1D8A04}.Debug|x64.ActiveCfg = Debug|x64
		{4132DD1A-0B7F-4F02-85F6-CB0A8C1D8A04}.Debug|x64.Build.0 = Debug|x64
		{4132DD1A-0B7F-4F02-85F6-CB0A8C1D8A04}.Debug|x86.ActiveCfg = Debug|Win32
		{4132DD1A-0B7F-4F02-85F6-CB0A8C1D8A04}.Debug|x86.Build.0 = Debug|Win32
		{4132DD1A-0B7F-4F02-85F6-CB0A8C1D8A04}.Release|x64.ActiveCfg = Release|x64
		{4132DD1A-0B7F-4F02-85F6-CB0A8C1D8A04}.Release|x64.Build.0 = Release|x64
		{4132DD1A-0B7F-4F02-85F6-CB0A8C1D8A04}.Release|x86.ActiveCfg = Release|Win32
		{4132DD1A-0B7F-4F02-85F6-CB0A8C1D8A04}.Release|x86.Build.0 = Release|Win32
		{5BCC88B0-A107-454E-B179-6ACC08403978}.Debug|x64.ActiveCfg = Debug|x64
		{5BCC88B0-A107-454E-B179-6ACC08403978}.Debug|x64.Build.0 = Debug|x64
		{5BCC88B0-A107-454E-B179-6ACC08403978}.Debug|x86.ActiveCfg = Debug|Win32
		{5BCC88B0-A107-454E-B179-6ACC08403978}.Debug|x86.Build.0 = Debug|Win32
		{5BCC88B0-A107-454E-B179-6ACC08403978}.Release|x64.ActiveCfg = Release|x64
		{5BCC88B0-A107-454E-B179-6ACC08403978}.Release|x64.Build.0 = Release|x64
		{5BCC88B0-A107-454E-B179-6ACC08403978}.Release|x86.ActiveCfg = Release|Win32
		{5BCC88B0-A107-454E-B179-6ACC08403978}.Release|x86.Build.0 = Release|Win32
		{57C0192A-AA19-453A-81F8-C0B0E1B3EE4B}.Debug|x64.ActiveCfg = Debug|x64
		{57C0192A-AA19-453A-81F8-C0B0E1B3EE4B}.Debug|x64.Build.0 = Debug|x64
		{57C0192A-AA19-453A-81F8-C0B0E1B3EE4B}.Debug|x86.ActiveCfg = Debug|Win32
		{57C0192A-AA19-453A-81F8-C0B0E1B3EE4B}.Debug|x86.Build.0 = Debug|Win32
		{57C0192A-AA19-453A-81F8-C0B0E1B3EE4B}.Release|x64.ActiveCfg = Release|x64
		{57C0192A-AA19-453A-81F8-C0B0E1B3EE4B}.Release|x64.Build.0 = Release|x64
		{57C0192A-AA19-453A-81F8-C0B0E1B3EE4B}.Release|x86.ActiveCfg = Release|Win32
		{57C0192A-AA19-453A-81F8-C0B0E1B3EE4B}.Release|x86.Build.0 = Release|Win32
		{A798E296-1236-4423-A077-65FC36419B5F}.Debug|x64.ActiveCfg = Debug|x64
		{A798E296-1236-4423-A077-65FC36419B5F}.Debug|x64.Build.0 = Debug|x64
		{A798E296-1236-4423-A077-65FC36419B5F}.Debug|x86.ActiveCfg = Debug|Win32
		{A798E296-1236-4423-A077-65FC36419B5F}.Debug|x86.Build.0 = Debug|Win32
		{A798E296-1236-4423-A077-65FC36419B5F}.Release|x64.ActiveCfg = Release|x64
		{A798E296-1236-4423-A077-65FC36419B5F}.Release|x64.Build.0 = Release|x64
		{A798E296-1236-4423-A077-65FC36419B5F}.Release|x86.ActiveCfg = Release|Win32
		{A798E296-1236-4423-A077-65FC36419B5F}.Release|x86.Build.0 = Release|Win32
		{BB68A4F4-0682-4F73-A3DA-087CECE093B2}.Debug|x64.ActiveCfg = Debug|x64
		{BB68A4F4-0682-4F73-A3DA-087CECE093B2}.Debug|x64.Build.0 = Debug|x64
		{BB68A4F4-0682-4F73-A3DA-087CECE093B2}.Debug|x86.ActiveCfg = Debug|Win32
		{BB68A4F4-0682-4F73-A3DA-087CECE093B2}.Debug|x86.Build.0 = Debug|Win32
		{BB68A4F4-0682-4F73-A3DA-087CECE093B2}.Release|x64.ActiveCfg = Release|x64
		{BB68A4F4-0682-4F73-A3DA-087CECE093B2}.Release|x64.Build.0 = Release|x64
		{BB68A4F4-0682-4F73-A3DA-087CECE093B2}.Release|x86.ActiveCfg = Release|Win32
		{BB68A4F4-0682-4F73-A3DA-087CECE093B2}.Release|x86.Build.0 = Release|Win32
		{3AF4A3F2-593F-433F-BB6E-FABF876243AD}.Debug|x64.ActiveCfg = Debug|x64
		{3AF4A3F2-593F-433F-BB6E-FABF876243AD}.Debug|x64.Build.0 = Debug|x64
		{3AF4A3F2-593F-433F-BB6E-FABF876243AD}.Debug|x86.ActiveCfg = Debug|Win32
		{3AF4A3F2-593F-433F-BB6E-FABF876243AD}.Debug|x86.Build.0 = Debug|Win32
		{3AF4A3F2-593F-433F-BB6E-FABF876243AD}.Release|x64.ActiveCfg = Release|x64
		{3AF4A3F2-593F-433F-BB6E-FABF876243AD}.Release|x64.Build.0 = Release|x64
		{3AF4A3F2-593F-433F-BB6E-FABF876243AD}.Release|x86.ActiveCfg = Release|Win32
		{3AF4A3F2-593F-433F-BB6E-FABF876243AD}.Release|x86.Build.0 = Release|Win32
		{60DF389F-5A09-4641-8E54-80AA9A07F21B}.Debug|x64.ActiveCfg = Debug|x64
		{60DF389F-5A09-4641-8E54-80AA9A07F21B}.Debug|x64.Build.0 = Debug|x64
		{60DF389F-5A09-4641-8E54-80AA9A07F21B}.Debug|x86.ActiveCfg = Debug|Win32
		{60DF389F-5A09-4641-8E54-80AA9A07F21B}.Debug|x86.Build.0 = Debug|Win32
		{60DF389F-5A09-4641-8E54-80AA9A07F21B}.Release|x64.ActiveCfg = Release|x64
		{60DF389F-5A09-4641-8E54-80AA9A07F21B}.Release|x64.Build.0 = Release|x64
		{60DF389F-5A09-4641-8E54-80AA9A07F21B}.Release|x86.ActiveCfg = Release|Win32
		{60DF389F-5A09-4641-8E54-80AA9A07F21B}.Release|x86.Build.0 = Release|Win32
		{641E8EF0-5EF7-414F-9D1D-EE0E9A8CD95D}.Debug|x64.ActiveCfg = Debug|x64
		{641E8EF0-5EF7-414F-9D1D-EE0E9A8CD95D}.Debug|x64.Build.0 = Debug|x64
		{641E8EF0-5EF7-414F-9D1D-EE0E9A8CD95D}.Debug|x86.ActiveCfg = Debug|Win32
		{641E8EF0-5EF7-414F-9D1D-EE0E9A8CD95D}.Debug|x86.Build.0 = Debug|Win32
		{641E8EF0-5EF7-414F-9D1D-EE0E9A8CD95D}.Release|x64.ActiveCfg = Release|x64
		{641E8EF0-5EF7-414F-9D1D-EE0E9A8CD95D}.Release|x64.Build.0 = Release|x64
		{641E8EF0-5EF7-414F-9D1D-EE0E9A8CD95D}.Release|x86.ActiveCfg = Release|Win32
		{641E8EF0-5EF7-414F-9D1D-EE0E9A8CD95D}.Release|x86.Build.0 = Release|Win32
		{AF586123-6D3B-4D2E-B3B8-4B634ACA2340}.Debug|x64.ActiveCfg = Debug|x64
		{AF586123-6D3B-4D2E-B3B8-4B634ACA2340}.Debug|x64.Build.0 = Debug|x64
		{AF586123-6D3B-4D2E-B3B8-4B634ACA2340}.Debug|x86.ActiveCfg = Debug|Win32
		{AF586123-6D3B-4D2E-B3B8-4B634ACA2340}.Debug|x86.Build.0 = Debug|Win32
		{AF586123-6D3B-4D2E-B3B8-4B634ACA2340}.Release|x64.ActiveCfg = Release|x64
		{AF586123-6D3B-4D2E-B3B8-4B634ACA2340}.Release|x64.Build.0 = Release|x64
		{AF586123-6D3B-4D2E-B3B8-4B634ACA2340}.Release|x86.ActiveCfg = Release|Win32
		{AF586123-6D3B-4D2E-B3B8-4B634ACA2340}.Release|x86.Build.0 = Release|Win32
		{13B5C284-8B30-44A2-A184-052B2E765C2B}.Debug|x64.ActiveCfg = Debug|x64
		{13B5C284-8B30-44A2-A184-052B2E765C2B}.Debug|x64.Build.0 = Debug|x64
		{13B5C284-8B30-44A2-A184-052B2E765C2B}.Debug|x86.ActiveCfg = Debug|Win32
		{13B5C284-8B30-44A2-A184-052B2E765C2B}.Debug|x86.Build.0 = Debug|Win32
		{13B5C284-8B30-44A2-A184-052B2E765C2B}.Release|x64.ActiveCfg = Release|x64
		{13B5C284-8B30-44A2-A184-052B2E765C2B}.Release|x64.Build.0 = Release|x64
		{13B5C284-8B30-44A2-A184-052B2E765C2B}.Release|x86.ActiveCfg = Release|Win32
		{13B5C284-8B30-44A2-A184-052B2E765C2B}.Release|x86.Build.0 = Release|Win32
		{E8B096F8-6437-480D-9709-FF06CCCAE766}.Debug|x64.ActiveCfg = Debug|x64
		{E8B096F8-6437-480D-9709-FF06CCCAE766}.Debug|x64.Build.0 = Debug|x64
		{E8B096F8-6437-480D-9709-FF06CCCAE766}.Debug|x86.ActiveCfg = Debug|Win32
		{E8B096F8-6437-480D-9709-FF06CCCAE766}.Debug|x86.Build.0 = Debug|Win32
		{E8B096F8-6437-480D-9709-FF06CCCAE766}.Release|x64.ActiveCfg = Release|x64
		{E8B096F8-6437-480D-9709-FF06CCCAE766}.Release|x64.Build.0 = Release|x64
		{E8B096F8-6437-480D-9709-FF06CCCAE766}.Release|x86.ActiveCfg = Release|Win32
		{E8B096F8-6437-480D-9709-FF06CCCAE766}.Release|x86.Build.0 = Release|Win32
		{8D98F5C9-0D3B-4E8C-B40C-303303F36FA9}.Debug|x64.ActiveCfg = Debug|x64
		{8D98F5C9-0D3B-4E8C-B40C-303303F36FA9}.Debug|x64.Build.0 = Debug|x64
		{8D98F5C9-0D3B-4E8C-B40C-303303F36FA9}.Debug|x86.ActiveCfg = Debug|Win32
		{8D98F5C9-0D3B-4E8C-B40C-303303F36FA9}.Debug|x86.Build.0 = Debug|Win32
		{8D98F5C9-0D3B-4E8C-B40C-303303F36FA9}.Release|x64.ActiveCfg = Release|x64
		{8D98F5C9-0D3B-4E8C-B40C-303303F36FA9}.Release|x64.Build.0 = Release|x64
		{8D98F5C9-0D3B-4E8C-B40C-303303F36FA9}.Release|x86.ActiveCfg = Release|Win32
		{8D98F5C9-0D3B-4E8C-B40C-303303F36FA9}.Release|x86.Build.0 = Release|Win32
		{85795BBD-AC2C-44BE-A46C-0F0FA02DB0BB}.Debug|x64.ActiveCfg = Debug|x64
		{85795BBD-AC2C-44BE-A46C-0F0FA02DB0BB}.Debug|x64.Build.0 = Debug|x64
		{85795BBD-AC2C-44BE-A46C-0F0FA02DB0BB}.Debug|x86.ActiveCfg = Debug|Win32
		{85795BBD-AC2C-44BE-A46C-0F0FA02DB0BB}.Debug|x86.Build.0 = Debug|Win32
		{85795BBD-AC2C-44BE-A46C-0F0FA02DB0BB}.Release|x64.ActiveCfg = Release|x64
		{85795BBD-AC2C-44BE-A46C-0F0FA02DB0BB}.Release|x64.Build.0 = Release|x64
		{85795BBD-AC2C-44BE-A46C-0F0FA02DB0BB}.Release|x86.ActiveCfg = Release|Win32
		{85795BBD-AC2C-44BE-A46C-0F0FA02DB0BB}.Release|x86.Build.0 = Release|Win32
		{EB2C6F91-DC1D-4D67-80BF-FEDCE9F37A55}.Debug|x64.ActiveCfg = Debug|x64
		{EB2C6F91-DC1D-4D67-80BF-FEDCE9F37A55}.Debug|x64.Build.0 = Debug|x64
		{EB2C6F91-DC1D-4D67-80BF-FEDCE9F37A55}.Debug|x86.ActiveCfg = Debug|Win32
		{EB2C6F91-DC1D-4D67-80BF-FEDCE9F37A55}.Debug|x86.Build.0 = Debug|Win32
		{EB2C6F91-DC1D-4D67-80BF-FEDCE9F37A55}.Release|x64.ActiveCfg = Release|x64
		{EB2C6F91-DC1D-4D67-80BF-FEDCE9F37A55}.Release|x64.Build.0 = Release|x64
		{EB2C6F91-DC1D-4D67-80BF-FEDCE9F37A55}.Release|x86.ActiveCfg = Release|Win32
		{EB2C6F91-DC1D-4D67-80BF-FEDCE9F37A55}.Release|x86.Build.0 = Release|Win32
		{65A49D4F-1E3C-41AF-B1FE-14D55F0F5666}.Debug|x64.ActiveCfg = Debug|x64
		{65A49D4F-1E3C-41AF-B1FE-14D55F0F5666}.Debug|x64.Build.0 = Debug|x64
		{65A49D4F-1E3C-41AF-B1FE-14D55F0F5666}.Debug|x86.ActiveCfg = Debug|Win32
		{65A49D4F-1E3C-41AF-B1FE-14D55F0F5666}.Debug|x86.Build.0 = Debug|Win32
		{65A49D4F-1E3C-41AF-B1FE-14D55F0F5666}.Release|x64.ActiveCfg = Release|x64
		{65A49D4F-1E3C-41AF-B1FE-14D55F0F5666}.Release|x64.Build.0 = Release|x64
		{65A49D4F-1E3C-41AF-B1FE-14D55F0F5666}.Release|x86.ActiveCfg = Release|Win32
		{65A49D4F-1E3C-41AF-B1FE-14D55F0F5666}.Release|x86.Build.0 = Release|Win32
		{AA5763FF-34DA-4AF9-A002-D4688333869E}.Debug|x64.ActiveCfg = Debug|x64
		{AA5763FF-34DA-4AF9-A002-D4688333869E}.Debug|x64.Build.0 = Debug|x64
		{AA5763FF-34DA-4AF9-A002-D4688333869E}.Debug|x86.ActiveCfg = Debug|Win32
		{AA5763FF-34DA-4AF9-A002-D4688333869E}.Debug|x86.Build.0 = Debug|Win32
		{AA5763FF-34DA-4AF9-A002-D4688333869E}.Release|x64.ActiveCfg = Release|x64
		{AA5763FF-34DA-4AF9-A002-D4688333869E}.Release|x64.Build.0 = Release|x64
		{AA5763FF-34DA-4AF9-A002-D4688333869E}.Release|x86.ActiveCfg = Release|Win32
		{AA5763FF-34DA-4AF9-A002-D4688333869E}.Release|x86.Build.0 = Release|Win32
		{C9251894-6CA2-4E20-8A37-FBF5CCC10263}.Debug|x64.ActiveCfg = Debug|x64
		{C9251894-6CA2-4E20-8A37-FBF5CCC10263}.Debug|x64.Build.0 = Debug|x64
		{C9251894-6CA2-4E20-8A37-FBF5CCC10263}.Debug|x86.ActiveCfg = Debug|Win32
		{C9251894-6CA2-4E20-8A37-FBF5CCC10263}.Debug|x86.Build.0 = Debug|Win32
		{C9251894-6CA2-4E20-8A37-FBF5CCC10263}.Release|x64.ActiveCfg = Release|x64
		{C9251894-6CA2-4E20-8A37-FBF5CCC10263}.Release|x64.Build.0 = Release|x64
		{C9251894-6CA2-4E20-8A37-FBF5CCC10263}.Release|x86.ActiveCfg = Release|Win32
		{C9251894-6CA2-4E20-8A37-FBF5CCC10263}.Release|x86.Build.0 = Release|Win32
		{917DB8F5-C562-4CB2-B37E-F53121DF167D}.Debug|x64.ActiveCfg = Debug|x64
		{917DB8F5-C562-4CB2-B37E-F53121DF167D}.Debug|x64.Build.0 = Debug|x64
		{917DB8F5-C562-4CB2-B37E-F53121DF167D}.Debug|x86.ActiveCfg = Debug|Win32
		{917DB8F5-C562-4CB2-B37E-F53121DF167D}.Debug|x86.Build.0 = Debug|Win32
		{917DB8F5-C562-4CB2-B37E-F53121DF167D}.Release|x64.ActiveCfg = Release|x64
		{917DB8F5-C562-4CB2-B37E-F53121DF167D}.Release|x64.Build.0 = Release|x64
		{917DB8F5-C562-4CB2-B37E-F53121DF167D}.Release|x86.ActiveCfg = Release|Win32
		{917DB8F5-C562-4CB2-B37E-F53121DF167D}.Release|x86.Build.0 = Release|Win32
		{295E38C7-3CC4-4D4B-9BAD-DA2D19A96E70}.Debug|x64.ActiveCfg = Debug|x64
		{295E38C7-3CC4-4D4B-9BAD-DA2D19A96E70}.Debug|x64.Build.0 = Debug|x64
		{295E38C7-3CC4-4D4B-9BAD-DA2D19A96E70}.Debug|x86.ActiveCfg = Debug|Win32
		{295E38C7-3CC4-4D4B-9BAD-DA2D19A96E70}.Debug|x86.Build.0 = Debug|Win32
		{295E38C7-3CC4-4D4B-9BAD-DA2D19A96E70}.Release|x64.ActiveCfg = Release|x64
		{295E38C7-3CC4-4D4B-9BAD-DA2D19A96E70}.Release|x64.Build.0 = Release|x64
		{295E38C7-3CC4-4D4B-9BAD-DA2D19A96E70}.Release|x86.ActiveCfg = Release|Win32
		{295E38C7-3CC4-4D4B-9BAD-DA2D19A96E70}.Release|x86.Build.0 = Release|Win32
		{5832CF12-E8DE-4B06-B2D4-0A51189AC68C}.Debug|x64.ActiveCfg = Debug|x64
		{5832CF12-E8DE-4B06-B2D4-0A51189AC68C}.Debug|x64.Build.0 = Debug|x64
		{5832CF12-E8DE-4B06-B2D4-0A51189AC68C}.Debug|x86.ActiveCfg = Debug|Win32
		{5832CF12-E8DE-4B06-B2D4-0A51189AC68C}.Debug|x86.Build.0 = Debug|Win32
		{5832CF12-E8DE-4B06-B2D4-0A51189AC68C}.Release|x64.ActiveCfg = Release|x64
		{5832CF12-E8DE-4B06-B2D4-0A51189AC68C}.Release|x64.Build.0 = Release|x64
		{5832CF12-E8DE-4B06-B2D4-0A51189AC68C}.Release|x86.ActiveCfg = Release|Win32
		{5832CF12-E8DE-4B06-B2D4-0A51189AC68C}.Release|x86.Build.0 = Release|Win32
		{7C7533DE-B0E5-4477-8072-2EE7717314C6}.Debug|x64.ActiveCfg = Debug|x64
		{7C7533DE-B0E5-4477-8072-2EE7717314C6}.Debug|x64.Build.0 = Debug|x64
		{7C7533DE-B0E5-4477-8072-2EE7717314C6}.Debug|x86.ActiveCfg = Debug|Win32
		{7C7533DE-B0E5-4477-8072-2EE7717314C6}.Debug|x86.Build.0 = Debug|Win32
		{7C7533DE-B0E5-4477-8072-2EE7717314C6}.Release|x64.ActiveCfg = Release|x64
		{7C7533DE-B0E5-4477-8072-2EE7717314C6}.Release|x64.Build.0 = Release|x64
		{7C7533DE-B0E5-4477-8072-2EE7717314C6}.Release|x86.ActiveCfg = Release|Win32
		{7C7533DE-B0E5-4477-8072-2EE7717314C6}.Release|x86.Build.0 = Release|Win32
		{6E78BC34-D10F-49D9-818B-60CAE9481804}.Debug|x64.ActiveCfg = Debug|x64
		{6E78BC34-D10F-49D9-818B-60CAE9481804}.Debug|x64.Build.0 = Debug|x64
		{6E78BC34-D10F-49D9-818B-60CAE9481804}.Debug|x86.ActiveCfg = Debug|Win32
		{6E78BC34-D10F-49D9-818B-60CAE9481804}.Debug|x86.Build.0 = Debug|Win32
		{6E78BC34-D10F-49D9-818B-60CAE9481804}.Release|x64.ActiveCfg = Release|x64
		{6E78BC34-D10F-49D9-818B-60CAE9481804}.Release|x64.Build.0 = Release|x64
		{6E78BC34-D10F-49D9-818B-60CAE9481804}.Release|x86.ActiveCfg = Release|Win32
		{6E78BC34-D10F-49D9-818B-60CAE9481804}.Release|x86.Build.0 = Release|Win32
		{A728FBB1-440C-443E-98E8-E8AC51D1C10C}.Debug|x64.ActiveCfg = Debug|x64
		{A728FBB1-440C-443E-98E8-E8AC51D1C10C}.Debug|x64.Build.0 = Debug|x64
		{A728FBB1-440C-443E-98E8-E8AC51D1C10C}.Debug|x86.ActiveCfg = Debug|Win32
		{A728FBB1-440C-443E-98E8-E8AC51D1C10C}.Debug|x86.Build.0 = Debug|Win32
		{A728FBB1-440C-443E-98E8-E8AC51D1C10C}.Release|x64.ActiveCfg = Release|x64
		{A728FBB1-440C-443E-98E8-E8AC51D1C10C}.Release|x64.Build.0 = Release|x64
		{A728FBB1-440C-443E-98E8-E8AC51D1C10C}.Release|x86.ActiveCfg = Release|Win32
		{A728FBB1-440C-443E-98E8-E8AC51D1C10C}.Release|x86.Build.0 = Release|Win32
		{3D0BDBF4-32AA-4DF5-9D45-9F483F1C9221}.Debug|x64.ActiveCfg = Debug|x64
		{3D0BDBF4-32AA-4DF5-9D45-9F483F1C9221}.Debug|x64.Build.0 = Debug|x64
		{3D0BDBF4-32AA-4DF5-9D45-9F483F1C9221}.Debug|x86.ActiveCfg = Debug|Win32
		{3D0BDBF4-32AA-4DF5-9D45-9F483F1C9221}.Debug|x86.Build.0 = Debug|Win32
		{3D0BDBF4-32AA-4DF5-9D45-9F483F1C9221}.Release|x64.ActiveCfg = Release|x64
		{3D0BDBF4-32AA-4DF5-9D45-9F483F1C9221}.Release|x64.Build.0 = Release|x64
		{3D0BDBF4-32AA-4DF5-9D45-9F483F1C9221}.Release|x86.ActiveCfg = Release|Win32
		{3D0BDBF4-32AA-4DF5-9D45-9F483F1C9221}.Release|x86.Build.0 = Release|Win32
		{76CC5091-B925-47A5-B538-69A3B07D9654}.Debug|x64.ActiveCfg = Debug|x64
		{76CC5091-B925-47A5-B538-69A3B07D9654}.Debug|x64.Build.0 = Debug|x64
		{76CC5091-B925-47A5-B538-69A3B07D9654}.Debug|x86.ActiveCfg = Debug|Win32
		{76CC5091-B925-47A5-B538-69A3B07D9654}.Debug|x86.Build.0 = Debug|Win32
		{76CC5091-B925-47A5-B538-69A3B07D9654}.Release|x64.ActiveCfg = Release|x64
		{76CC5091-B925-47A5-B538-69A3B07D9654}.Release|x64.Build.0 = Release|x64
		{76CC5091-B925-47A5-B538-69A3B07D9654}.Release|x86.ActiveCfg = Release|Win32
		{76CC5091-B925-47A5-B538-69A3B07D9654}.Release|x86.Build.0 = Release|Win32
	EndGlobalSection
	GlobalSection(SolutionProperties) = preSolution
		HideSolutionNode = FALSE
	EndGlobalSection
	GlobalSection(NestedProjects) = preSolution
		{4B30FDD1-CE8B-4A2B-A332-C05ED60F2111} = {0AD7033D-C490-4DEC-9E8C-EFFBFC201FC0}
		{779AA6BF-CD86-451C-A76D-FBBFE1BC60D2} = {0AD7033D-C490-4DEC-9E8C-EFFBFC201FC0}
		{E67B625B-69B5-4542-A075-A2CD21681055} = {0AD7033D-C490-4DEC-9E8C-EFFBFC201FC0}
		{55FC91B6-43EE-41B5-9E73-3B38EE8EB388} = {0AD7033D-C490-4DEC-9E8C-EFFBFC201FC0}
		{583C80D5-ABA8-4D59-A916-4C704EDAB467} = {0AD7033D-C490-4DEC-9E8C-EFFBFC201FC0}
		{3B55BB61-322F-4F4F-BDF7-DF0E60954CE6} = {0AD7033D-C490-4DEC-9E8C-EFFBFC201FC0}
		{B8F4901E-CE3B-4782-A5E8-57229114DDB8} = {96BE666B-4A52-435D-B202-759DC2BDF368}
		{415D3663-13E9-4949-A680-9D7941A503D5} = {96BE666B-4A52-435D-B202-759DC2BDF368}
		{82AC47DE-A16F-46B9-B7C2-CA433BECAFCA} = {96BE666B-4A52-435D-B202-759DC2BDF368}
		{D4407250-E3C3-4CB5-A8BE-809BC3895120} = {96BE666B-4A52-435D-B202-759DC2BDF368}
		{6F665E05-6F0F-4C6E-8046-A642CBD9A5EC} = {96BE666B-4A52-435D-B202-759DC2BDF368}
		{ED82F1DB-F1CA-4CD9-A574-351FE4184A3B} = {96BE666B-4A52-435D-B202-759DC2BDF368}
		{F34235FE-4C6D-4ED6-A62D-15B8A75BACE8} = {4E15CCC6-A380-4032-83B6-151B59455C7A}
		{7BCD32F7-78F8-4397-A674-1EBBC8AE4133} = {4E15CCC6-A380-4032-83B6-151B59455C7A}
		{4F539872-E1A6-4E8F-BE13-93B4C5D69049} = {4E15CCC6-A380-4032-83B6-151B59455C7A}
		{5C939C86-52B9-443F-B9DA-2CDADD9AD2F5} = {DA9ADF8F-BF03-48AA-9994-8A0CE96B0859}
		{03A56B71-F621-412E-83D0-9F89D9C82652} = {DA9ADF8F-BF03-48AA-9994-8A0CE96B0859}
		{569B03AA-9922-45FB-BEDD-05E9B66FE5EE} = {DA9ADF8F-BF03-48AA-9994-8A0CE96B0859}
		{36846210-28C5-4613-92A2-EA9309B3D437} = {B8D94EE8-3A3E-403C-8113-8EAD0DF0C600}
		{99EA7F4B-CC35-406B-B1C1-2227993AF97B} = {664E67E1-6CF9-4BDE-B04B-940DC0123B22}
		{41BB8422-4551-46BD-8AAE-45C32D04DD01} = {664E67E1-6CF9-4BDE-B04B-940DC0123B22}
		{19E9EE18-F9F3-424B-8F61-A842F824C401} = {664E67E1-6CF9-4BDE-B04B-940DC0123B22}
		{950FE9ED-C703-400A-9563-E1D5863FC179} = {4E15CCC6-A380-4032-83B6-151B59455C7A}
		{123EB6C7-B748-46A5-9C85-15EFC24BE7FF} = {664E67E1-6CF9-4BDE-B04B-940DC0123B22}
		{91F63A57-D8C0-4D6E-B45B-D8C8EC8F59B8} = {664E67E1-6CF9-4BDE-B04B-940DC0123B22}
		{F9E03126-7363-458E-8053-BBD4E25DAAE6} = {664E67E1-6CF9-4BDE-B04B-940DC0123B22}
		{4132DD1A-0B7F-4F02-85F6-CB0A8C1D8A04} = {664E67E1-6CF9-4BDE-B04B-940DC0123B22}
		{5BCC88B0-A107-454E-B179-6ACC08403978} = {D3FE282F-688D-42CE-B211-364C8895E016}
		{57C0192A-AA19-453A-81F8-C0B0E1B3EE4B} = {D3FE282F-688D-42CE-B211-364C8895E016}
		{A798E296-1236-4423-A077-65FC36419B5F} = {D3FE282F-688D-42CE-B211-364C8895E016}
		{BB68A4F4-0682-4F73-A3DA-087CECE093B2} = {94553131-ED7B-4FE9-B6F8-57D286F7DE4B}
		{3AF4A3F2-593F-433F-BB6E-FABF876243AD} = {94553131-ED7B-4FE9-B6F8-57D286F7DE4B}
		{60DF389F-5A09-4641-8E54-80AA9A07F21B} = {94553131-ED7B-4FE9-B6F8-57D286F7DE4B}
		{641E8EF0-5EF7-414F-9D1D-EE0E9A8CD95D} = {94553131-ED7B-4FE9-B6F8-57D286F7DE4B}
		{AF586123-6D3B-4D2E-B3B8-4B634ACA2340} = {94553131-ED7B-4FE9-B6F8-57D286F7DE4B}
		{13B5C284-8B30-44A2-A184-052B2E765C2B} = {94553131-ED7B-4FE9-B6F8-57D286F7DE4B}
		{E8B096F8-6437-480D-9709-FF06CCCAE766} = {94553131-ED7B-4FE9-B6F8-57D286F7DE4B}
		{8D98F5C9-0D3B-4E8C-B40C-303303F36FA9} = {94553131-ED7B-4FE9-B6F8-57D286F7DE4B}
		{85795BBD-AC2C-44BE-A46C-0F0FA02DB0BB} = {94553131-ED7B-4FE9-B6F8-57D286F7DE4B}
		{EB2C6F91-DC1D-4D67-80BF-FEDCE9F37A55} = {D3FE282F-688D-42CE-B211-364C8895E016}
		{65A49D4F-1E3C-41AF-B1FE-14D55F0F5666} = {C1745BBF-2A9D-4ED8-8F20-1503F12E3848}
		{AA5763FF-34DA-4AF9-A002-D4688333869E} = {C1745BBF-2A9D-4ED8-8F20-1503F12E3848}
		{C9251894-6CA2-4E20-8A37-FBF5CCC10263} = {34615FB8-574D-43A9-9158-D56F5FFC2AAD}
		{917DB8F5-C562-4CB2-B37E-F53121DF167D} = {34615FB8-574D-43A9-9158-D56F5FFC2AAD}
		{295E38C7-3CC4-4D4B-9BAD-DA2D19A96E70} = {34615FB8-574D-43A9-9158-D56F5FFC2AAD}
		{5832CF12-E8DE-4B06-B2D4-0A51189AC68C} = {34615FB8-574D-43A9-9158-D56F5FFC2AAD}
		{7C7533DE-B0E5-4477-8072-2EE7717314C6} = {34615FB8-574D-43A9-9158-D56F5FFC2AAD}
		{6E78BC34-D10F-49D9-818B-60CAE9481804} = {34615FB8-574D-43A9-9158-D56F5FFC2AAD}
		{9B188E58-1D3E-49EF-97B3-757DBE389232} = {B8D94EE8-3A3E-403C-8113-8EAD0DF0C600}
		{A728FBB1-440C-443E-98E8-E8AC51D1C10C} = {9B188E58-1D3E-49EF-97B3-757DBE389232}
		{3D0BDBF4-32AA-4DF5-9D45-9F483F1C9221} = {9B188E58-1D3E-49EF-97B3-757DBE389232}
		{76CC5091-B925-47A5-B538-69A3B07D9654} = {9B188E58-1D3E-49EF-97B3-757DBE389232}
	EndGlobalSection
EndGlobal
