
Microsoft Visual Studio Solution File, Format Version 12.00
# Visual Studio 14
VisualStudioVersion = 14.0.24720.0
MinimumVisualStudioVersion = 10.0.40219.1
Project("{8BC9CEB8-8B4A-11D0-8D11-00A0C91BC942}") = "1.1.1 Das erste Programm", "1.1.1 Das erste Programm\1.1.1 Das erste Programm.vcxproj", "{4B30FDD1-CE8B-4A2B-A332-C05ED60F2111}"
EndProject
Project("{8BC9CEB8-8B4A-11D0-8D11-00A0C91BC942}") = "1.1.2 Schaltjahre", "1.1.2 Schaltjahre\1.1.2 Schaltjahre.vcxproj", "{779AA6BF-CD86-451C-A76D-FBBFE1BC60D2}"
EndProject
Project("{8BC9CEB8-8B4A-11D0-8D11-00A0C91BC942}") = "1.1.3 Maximum und Minimum von Zahlen", "1.1.3 Maximum und Minimum von Zahlen\1.1.3 Maximum und Minimum von Zahlen.vcxproj", "{E67B625B-69B5-4542-A075-A2CD21681055}"
EndProject
Project("{8BC9CEB8-8B4A-11D0-8D11-00A0C91BC942}") = "1.2.1 Sortieren von 3 Zahlen", "1.2.1 Sortieren von 3 Zahlen\1.2.1 Sortieren von 3 Zahlen.vcxproj", "{55FC91B6-43EE-41B5-9E73-3B38EE8EB388}"
EndProject
Project("{8BC9CEB8-8B4A-11D0-8D11-00A0C91BC942}") = "1.2.2 Primzahlzerlegung", "1.2.2 Primzahlzerlegung\1.2.2 Primzahlzerlegung.vcxproj", "{583C80D5-ABA8-4D59-A916-4C704EDAB467}"
EndProject
Project("{8BC9CEB8-8B4A-11D0-8D11-00A0C91BC942}") = "1.2.3 Narzisstische Zahlen mit steigender Potenz", "1.2.3 Narzisstische Zahlen mit steigender Potenz\1.2.3 Narzisstische Zahlen mit steigender Potenz.vcxproj", "{3B55BB61-322F-4F4F-BDF7-DF0E60954CE6}"
EndProject
Project("{2150E333-8FDC-42A3-9474-1A3956D46DE8}") = "Aufgabenblatt 1 Programmrahmen, Fallunterscheidungen und Schleifen", "Aufgabenblatt 1 Programmrahmen, Fallunterscheidungen und Schleifen", "{0AD7033D-C490-4DEC-9E8C-EFFBFC201FC0}"
EndProject
Project("{2150E333-8FDC-42A3-9474-1A3956D46DE8}") = "Aufgabenblatt 2 Iterative Berechnungen", "Aufgabenblatt 2 Iterative Berechnungen", "{96BE666B-4A52-435D-B202-759DC2BDF368}"
EndProject
Project("{8BC9CEB8-8B4A-11D0-8D11-00A0C91BC942}") = "2.1.1 Größter gemeinsamer Teiler", "2.1.1 Größter gemeinsamer Teiler\2.1.1 Größter gemeinsamer Teiler.vcxproj", "{B8F4901E-CE3B-4782-A5E8-57229114DDB8}"
EndProject
Project("{8BC9CEB8-8B4A-11D0-8D11-00A0C91BC942}") = "2.1.2 Eimer umfüllen", "2.1.2 Eimer umfüllen\2.1.2 Eimer umfüllen.vcxproj", "{415D3663-13E9-4949-A680-9D7941A503D5}"
EndProject
Project("{8BC9CEB8-8B4A-11D0-8D11-00A0C91BC942}") = "2.1.3 Planstellen", "2.1.3 Planstellen\2.1.3 Planstellen.vcxproj", "{82AC47DE-A16F-46B9-B7C2-CA433BECAFCA}"
EndProject
Project("{8BC9CEB8-8B4A-11D0-8D11-00A0C91BC942}") = "2.2.1 Zinsrechnung", "2.2.1 Zinsrechnung\2.2.1 Zinsrechnung.vcxproj", "{D4407250-E3C3-4CB5-A8BE-809BC3895120}"
EndProject
Project("{8BC9CEB8-8B4A-11D0-8D11-00A0C91BC942}") = "2.2.2 Sitzverteilung", "2.2.2 Sitzverteilung\2.2.2 Sitzverteilung.vcxproj", "{6F665E05-6F0F-4C6E-8046-A642CBD9A5EC}"
EndProject
Project("{8BC9CEB8-8B4A-11D0-8D11-00A0C91BC942}") = "2.2.3 Epidemie", "2.2.3 Epidemie\2.2.3 Epidemie.vcxproj", "{ED82F1DB-F1CA-4CD9-A574-351FE4184A3B}"
EndProject
Project("{2150E333-8FDC-42A3-9474-1A3956D46DE8}") = "Aufgabenblatt 3 Aussagenlogik", "Aufgabenblatt 3 Aussagenlogik", "{4E15CCC6-A380-4032-83B6-151B59455C7A}"
EndProject
Project("{8BC9CEB8-8B4A-11D0-8D11-00A0C91BC942}") = "3.1.1 Wahrheitstafeln", "3.1.1 Wahrheitstafeln\3.1.1 Wahrheitstafeln.vcxproj", "{F34235FE-4C6D-4ED6-A62D-15B8A75BACE8}"
EndProject
Project("{8BC9CEB8-8B4A-11D0-8D11-00A0C91BC942}") = "3.1.2 Entscheidungstabelle", "3.1.2 Entscheidungstabelle\3.1.2 Entscheidungstabelle.vcxproj", "{7BCD32F7-78F8-4397-A674-1EBBC8AE4133}"
EndProject
Project("{8BC9CEB8-8B4A-11D0-8D11-00A0C91BC942}") = "3.1.3 Geburtstagsfeier", "3.1.3 Geburtstagsfeier\3.1.3 Geburtstagsfeier.vcxproj", "{4F539872-E1A6-4E8F-BE13-93B4C5D69049}"
EndProject
Global
	GlobalSection(SolutionConfigurationPlatforms) = preSolution
		Debug|x64 = Debug|x64
		Debug|x86 = Debug|x86
		Release|x64 = Release|x64
		Release|x86 = Release|x86
	EndGlobalSection
	GlobalSection(ProjectConfigurationPlatforms) = postSolution
		{4B30FDD1-CE8B-4A2B-A332-C05ED60F2111}.Debug|x64.ActiveCfg = Debug|x64
		{4B30FDD1-CE8B-4A2B-A332-C05ED60F2111}.Debug|x64.Build.0 = Debug|x64
		{4B30FDD1-CE8B-4A2B-A332-C05ED60F2111}.Debug|x86.ActiveCfg = Debug|Win32
		{4B30FDD1-CE8B-4A2B-A332-C05ED60F2111}.Debug|x86.Build.0 = Debug|Win32
		{4B30FDD1-CE8B-4A2B-A332-C05ED60F2111}.Release|x64.ActiveCfg = Release|x64
		{4B30FDD1-CE8B-4A2B-A332-C05ED60F2111}.Release|x64.Build.0 = Release|x64
		{4B30FDD1-CE8B-4A2B-A332-C05ED60F2111}.Release|x86.ActiveCfg = Release|Win32
		{4B30FDD1-CE8B-4A2B-A332-C05ED60F2111}.Release|x86.Build.0 = Release|Win32
		{779AA6BF-CD86-451C-A76D-FBBFE1BC60D2}.Debug|x64.ActiveCfg = Debug|x64
		{779AA6BF-CD86-451C-A76D-FBBFE1BC60D2}.Debug|x64.Build.0 = Debug|x64
		{779AA6BF-CD86-451C-A76D-FBBFE1BC60D2}.Debug|x86.ActiveCfg = Debug|Win32
		{779AA6BF-CD86-451C-A76D-FBBFE1BC60D2}.Debug|x86.Build.0 = Debug|Win32
		{779AA6BF-CD86-451C-A76D-FBBFE1BC60D2}.Release|x64.ActiveCfg = Release|x64
		{779AA6BF-CD86-451C-A76D-FBBFE1BC60D2}.Release|x64.Build.0 = Release|x64
		{779AA6BF-CD86-451C-A76D-FBBFE1BC60D2}.Release|x86.ActiveCfg = Release|Win32
		{779AA6BF-CD86-451C-A76D-FBBFE1BC60D2}.Release|x86.Build.0 = Release|Win32
		{E67B625B-69B5-4542-A075-A2CD21681055}.Debug|x64.ActiveCfg = Debug|x64
		{E67B625B-69B5-4542-A075-A2CD21681055}.Debug|x64.Build.0 = Debug|x64
		{E67B625B-69B5-4542-A075-A2CD21681055}.Debug|x86.ActiveCfg = Debug|Win32
		{E67B625B-69B5-4542-A075-A2CD21681055}.Debug|x86.Build.0 = Debug|Win32
		{E67B625B-69B5-4542-A075-A2CD21681055}.Release|x64.ActiveCfg = Release|x64
		{E67B625B-69B5-4542-A075-A2CD21681055}.Release|x64.Build.0 = Release|x64
		{E67B625B-69B5-4542-A075-A2CD21681055}.Release|x86.ActiveCfg = Release|Win32
		{E67B625B-69B5-4542-A075-A2CD21681055}.Release|x86.Build.0 = Release|Win32
		{55FC91B6-43EE-41B5-9E73-3B38EE8EB388}.Debug|x64.ActiveCfg = Debug|x64
		{55FC91B6-43EE-41B5-9E73-3B38EE8EB388}.Debug|x64.Build.0 = Debug|x64
		{55FC91B6-43EE-41B5-9E73-3B38EE8EB388}.Debug|x86.ActiveCfg = Debug|Win32
		{55FC91B6-43EE-41B5-9E73-3B38EE8EB388}.Debug|x86.Build.0 = Debug|Win32
		{55FC91B6-43EE-41B5-9E73-3B38EE8EB388}.Release|x64.ActiveCfg = Release|x64
		{55FC91B6-43EE-41B5-9E73-3B38EE8EB388}.Release|x64.Build.0 = Release|x64
		{55FC91B6-43EE-41B5-9E73-3B38EE8EB388}.Release|x86.ActiveCfg = Release|Win32
		{55FC91B6-43EE-41B5-9E73-3B38EE8EB388}.Release|x86.Build.0 = Release|Win32
		{583C80D5-ABA8-4D59-A916-4C704EDAB467}.Debug|x64.ActiveCfg = Debug|x64
		{583C80D5-ABA8-4D59-A916-4C704EDAB467}.Debug|x64.Build.0 = Debug|x64
		{583C80D5-ABA8-4D59-A916-4C704EDAB467}.Debug|x86.ActiveCfg = Debug|Win32
		{583C80D5-ABA8-4D59-A916-4C704EDAB467}.Debug|x86.Build.0 = Debug|Win32
		{583C80D5-ABA8-4D59-A916-4C704EDAB467}.Release|x64.ActiveCfg = Release|x64
		{583C80D5-ABA8-4D59-A916-4C704EDAB467}.Release|x64.Build.0 = Release|x64
		{583C80D5-ABA8-4D59-A916-4C704EDAB467}.Release|x86.ActiveCfg = Release|Win32
		{583C80D5-ABA8-4D59-A916-4C704EDAB467}.Release|x86.Build.0 = Release|Win32
		{3B55BB61-322F-4F4F-BDF7-DF0E60954CE6}.Debug|x64.ActiveCfg = Debug|x64
		{3B55BB61-322F-4F4F-BDF7-DF0E60954CE6}.Debug|x64.Build.0 = Debug|x64
		{3B55BB61-322F-4F4F-BDF7-DF0E60954CE6}.Debug|x86.ActiveCfg = Debug|Win32
		{3B55BB61-322F-4F4F-BDF7-DF0E60954CE6}.Debug|x86.Build.0 = Debug|Win32
		{3B55BB61-322F-4F4F-BDF7-DF0E60954CE6}.Release|x64.ActiveCfg = Release|x64
		{3B55BB61-322F-4F4F-BDF7-DF0E60954CE6}.Release|x64.Build.0 = Release|x64
		{3B55BB61-322F-4F4F-BDF7-DF0E60954CE6}.Release|x86.ActiveCfg = Release|Win32
		{3B55BB61-322F-4F4F-BDF7-DF0E60954CE6}.Release|x86.Build.0 = Release|Win32
		{B8F4901E-CE3B-4782-A5E8-57229114DDB8}.Debug|x64.ActiveCfg = Debug|x64
		{B8F4901E-CE3B-4782-A5E8-57229114DDB8}.Debug|x64.Build.0 = Debug|x64
		{B8F4901E-CE3B-4782-A5E8-57229114DDB8}.Debug|x86.ActiveCfg = Debug|Win32
		{B8F4901E-CE3B-4782-A5E8-57229114DDB8}.Debug|x86.Build.0 = Debug|Win32
		{B8F4901E-CE3B-4782-A5E8-57229114DDB8}.Release|x64.ActiveCfg = Release|x64
		{B8F4901E-CE3B-4782-A5E8-57229114DDB8}.Release|x64.Build.0 = Release|x64
		{B8F4901E-CE3B-4782-A5E8-57229114DDB8}.Release|x86.ActiveCfg = Release|Win32
		{B8F4901E-CE3B-4782-A5E8-57229114DDB8}.Release|x86.Build.0 = Release|Win32
		{415D3663-13E9-4949-A680-9D7941A503D5}.Debug|x64.ActiveCfg = Debug|x64
		{415D3663-13E9-4949-A680-9D7941A503D5}.Debug|x64.Build.0 = Debug|x64
		{415D3663-13E9-4949-A680-9D7941A503D5}.Debug|x86.ActiveCfg = Debug|Win32
		{415D3663-13E9-4949-A680-9D7941A503D5}.Debug|x86.Build.0 = Debug|Win32
		{415D3663-13E9-4949-A680-9D7941A503D5}.Release|x64.ActiveCfg = Release|x64
		{415D3663-13E9-4949-A680-9D7941A503D5}.Release|x64.Build.0 = Release|x64
		{415D3663-13E9-4949-A680-9D7941A503D5}.Release|x86.ActiveCfg = Release|Win32
		{415D3663-13E9-4949-A680-9D7941A503D5}.Release|x86.Build.0 = Release|Win32
		{82AC47DE-A16F-46B9-B7C2-CA433BECAFCA}.Debug|x64.ActiveCfg = Debug|x64
		{82AC47DE-A16F-46B9-B7C2-CA433BECAFCA}.Debug|x64.Build.0 = Debug|x64
		{82AC47DE-A16F-46B9-B7C2-CA433BECAFCA}.Debug|x86.ActiveCfg = Debug|Win32
		{82AC47DE-A16F-46B9-B7C2-CA433BECAFCA}.Debug|x86.Build.0 = Debug|Win32
		{82AC47DE-A16F-46B9-B7C2-CA433BECAFCA}.Release|x64.ActiveCfg = Release|x64
		{82AC47DE-A16F-46B9-B7C2-CA433BECAFCA}.Release|x64.Build.0 = Release|x64
		{82AC47DE-A16F-46B9-B7C2-CA433BECAFCA}.Release|x86.ActiveCfg = Release|Win32
		{82AC47DE-A16F-46B9-B7C2-CA433BECAFCA}.Release|x86.Build.0 = Release|Win32
		{D4407250-E3C3-4CB5-A8BE-809BC3895120}.Debug|x64.ActiveCfg = Debug|x64
		{D4407250-E3C3-4CB5-A8BE-809BC3895120}.Debug|x64.Build.0 = Debug|x64
		{D4407250-E3C3-4CB5-A8BE-809BC3895120}.Debug|x86.ActiveCfg = Debug|Win32
		{D4407250-E3C3-4CB5-A8BE-809BC3895120}.Debug|x86.Build.0 = Debug|Win32
		{D4407250-E3C3-4CB5-A8BE-809BC3895120}.Release|x64.ActiveCfg = Release|x64
		{D4407250-E3C3-4CB5-A8BE-809BC3895120}.Release|x64.Build.0 = Release|x64
		{D4407250-E3C3-4CB5-A8BE-809BC3895120}.Release|x86.ActiveCfg = Release|Win32
		{D4407250-E3C3-4CB5-A8BE-809BC3895120}.Release|x86.Build.0 = Release|Win32
		{6F665E05-6F0F-4C6E-8046-A642CBD9A5EC}.Debug|x64.ActiveCfg = Debug|x64
		{6F665E05-6F0F-4C6E-8046-A642CBD9A5EC}.Debug|x64.Build.0 = Debug|x64
		{6F665E05-6F0F-4C6E-8046-A642CBD9A5EC}.Debug|x86.ActiveCfg = Debug|Win32
		{6F665E05-6F0F-4C6E-8046-A642CBD9A5EC}.Debug|x86.Build.0 = Debug|Win32
		{6F665E05-6F0F-4C6E-8046-A642CBD9A5EC}.Release|x64.ActiveCfg = Release|x64
		{6F665E05-6F0F-4C6E-8046-A642CBD9A5EC}.Release|x64.Build.0 = Release|x64
		{6F665E05-6F0F-4C6E-8046-A642CBD9A5EC}.Release|x86.ActiveCfg = Release|Win32
		{6F665E05-6F0F-4C6E-8046-A642CBD9A5EC}.Release|x86.Build.0 = Release|Win32
		{ED82F1DB-F1CA-4CD9-A574-351FE4184A3B}.Debug|x64.ActiveCfg = Debug|x64
		{ED82F1DB-F1CA-4CD9-A574-351FE4184A3B}.Debug|x64.Build.0 = Debug|x64
		{ED82F1DB-F1CA-4CD9-A574-351FE4184A3B}.Debug|x86.ActiveCfg = Debug|Win32
		{ED82F1DB-F1CA-4CD9-A574-351FE4184A3B}.Debug|x86.Build.0 = Debug|Win32
		{ED82F1DB-F1CA-4CD9-A574-351FE4184A3B}.Release|x64.ActiveCfg = Release|x64
		{ED82F1DB-F1CA-4CD9-A574-351FE4184A3B}.Release|x64.Build.0 = Release|x64
		{ED82F1DB-F1CA-4CD9-A574-351FE4184A3B}.Release|x86.ActiveCfg = Release|Win32
		{ED82F1DB-F1CA-4CD9-A574-351FE4184A3B}.Release|x86.Build.0 = Release|Win32
		{F34235FE-4C6D-4ED6-A62D-15B8A75BACE8}.Debug|x64.ActiveCfg = Debug|x64
		{F34235FE-4C6D-4ED6-A62D-15B8A75BACE8}.Debug|x64.Build.0 = Debug|x64
		{F34235FE-4C6D-4ED6-A62D-15B8A75BACE8}.Debug|x86.ActiveCfg = Debug|Win32
		{F34235FE-4C6D-4ED6-A62D-15B8A75BACE8}.Debug|x86.Build.0 = Debug|Win32
		{F34235FE-4C6D-4ED6-A62D-15B8A75BACE8}.Release|x64.ActiveCfg = Release|x64
		{F34235FE-4C6D-4ED6-A62D-15B8A75BACE8}.Release|x64.Build.0 = Release|x64
		{F34235FE-4C6D-4ED6-A62D-15B8A75BACE8}.Release|x86.ActiveCfg = Release|Win32
		{F34235FE-4C6D-4ED6-A62D-15B8A75BACE8}.Release|x86.Build.0 = Release|Win32
		{7BCD32F7-78F8-4397-A674-1EBBC8AE4133}.Debug|x64.ActiveCfg = Debug|x64
		{7BCD32F7-78F8-4397-A674-1EBBC8AE4133}.Debug|x64.Build.0 = Debug|x64
		{7BCD32F7-78F8-4397-A674-1EBBC8AE4133}.Debug|x86.ActiveCfg = Debug|Win32
		{7BCD32F7-78F8-4397-A674-1EBBC8AE4133}.Debug|x86.Build.0 = Debug|Win32
		{7BCD32F7-78F8-4397-A674-1EBBC8AE4133}.Release|x64.ActiveCfg = Release|x64
		{7BCD32F7-78F8-4397-A674-1EBBC8AE4133}.Release|x64.Build.0 = Release|x64
		{7BCD32F7-78F8-4397-A674-1EBBC8AE4133}.Release|x86.ActiveCfg = Release|Win32
		{7BCD32F7-78F8-4397-A674-1EBBC8AE4133}.Release|x86.Build.0 = Release|Win32
		{4F539872-E1A6-4E8F-BE13-93B4C5D69049}.Debug|x64.ActiveCfg = Debug|x64
		{4F539872-E1A6-4E8F-BE13-93B4C5D69049}.Debug|x64.Build.0 = Debug|x64
		{4F539872-E1A6-4E8F-BE13-93B4C5D69049}.Debug|x86.ActiveCfg = Debug|Win32
		{4F539872-E1A6-4E8F-BE13-93B4C5D69049}.Debug|x86.Build.0 = Debug|Win32
		{4F539872-E1A6-4E8F-BE13-93B4C5D69049}.Release|x64.ActiveCfg = Release|x64
		{4F539872-E1A6-4E8F-BE13-93B4C5D69049}.Release|x64.Build.0 = Release|x64
		{4F539872-E1A6-4E8F-BE13-93B4C5D69049}.Release|x86.ActiveCfg = Release|Win32
		{4F539872-E1A6-4E8F-BE13-93B4C5D69049}.Release|x86.Build.0 = Release|Win32
	EndGlobalSection
	GlobalSection(SolutionProperties) = preSolution
		HideSolutionNode = FALSE
	EndGlobalSection
	GlobalSection(NestedProjects) = preSolution
		{4B30FDD1-CE8B-4A2B-A332-C05ED60F2111} = {0AD7033D-C490-4DEC-9E8C-EFFBFC201FC0}
		{779AA6BF-CD86-451C-A76D-FBBFE1BC60D2} = {0AD7033D-C490-4DEC-9E8C-EFFBFC201FC0}
		{E67B625B-69B5-4542-A075-A2CD21681055} = {0AD7033D-C490-4DEC-9E8C-EFFBFC201FC0}
		{55FC91B6-43EE-41B5-9E73-3B38EE8EB388} = {0AD7033D-C490-4DEC-9E8C-EFFBFC201FC0}
		{583C80D5-ABA8-4D59-A916-4C704EDAB467} = {0AD7033D-C490-4DEC-9E8C-EFFBFC201FC0}
		{3B55BB61-322F-4F4F-BDF7-DF0E60954CE6} = {0AD7033D-C490-4DEC-9E8C-EFFBFC201FC0}
		{B8F4901E-CE3B-4782-A5E8-57229114DDB8} = {96BE666B-4A52-435D-B202-759DC2BDF368}
		{415D3663-13E9-4949-A680-9D7941A503D5} = {96BE666B-4A52-435D-B202-759DC2BDF368}
		{82AC47DE-A16F-46B9-B7C2-CA433BECAFCA} = {96BE666B-4A52-435D-B202-759DC2BDF368}
		{D4407250-E3C3-4CB5-A8BE-809BC3895120} = {96BE666B-4A52-435D-B202-759DC2BDF368}
		{6F665E05-6F0F-4C6E-8046-A642CBD9A5EC} = {96BE666B-4A52-435D-B202-759DC2BDF368}
		{ED82F1DB-F1CA-4CD9-A574-351FE4184A3B} = {96BE666B-4A52-435D-B202-759DC2BDF368}
		{F34235FE-4C6D-4ED6-A62D-15B8A75BACE8} = {4E15CCC6-A380-4032-83B6-151B59455C7A}
		{7BCD32F7-78F8-4397-A674-1EBBC8AE4133} = {4E15CCC6-A380-4032-83B6-151B59455C7A}
		{4F539872-E1A6-4E8F-BE13-93B4C5D69049} = {4E15CCC6-A380-4032-83B6-151B59455C7A}
	EndGlobalSection
EndGlobal
