
Microsoft Visual Studio Solution File, Format Version 12.00
# Visual Studio 14
VisualStudioVersion = 14.0.25420.1
MinimumVisualStudioVersion = 10.0.40219.1
Project("{2150E333-8FDC-42A3-9474-1A3956D46DE8}") = "Aufgabenblatt 1 Wiederholung", "Aufgabenblatt 1 Wiederholung", "{FCCA1480-F89F-493B-B227-BC2BCA1948E1}"
	ProjectSection(SolutionItems) = preProject
		1. Wiederholung.pdf = 1. Wiederholung.pdf
	EndProjectSection
EndProject
Project("{8BC9CEB8-8B4A-11D0-8D11-00A0C91BC942}") = "1.1.2 Dualdarstellung", "1.1.2 Dualdarstellung\1.1.2 Dualdarstellung.vcxproj", "{33918427-A2A2-4C1B-A2B8-6DA3A3EABC17}"
EndProject
Project("{8BC9CEB8-8B4A-11D0-8D11-00A0C91BC942}") = "1.1.3 ggT (iterativ und rekursiv)", "1.1.3 ggT (iterativ und rekursiv)\1.1.3 ggT (iterativ und rekursiv).vcxproj", "{20FC84C6-CECF-4B6C-AD18-945C692691E8}"
EndProject
Project("{8BC9CEB8-8B4A-11D0-8D11-00A0C91BC942}") = "1.1.4 Die meisten geraden Zahlen", "1.1.4 Die meisten geraden Zahlen\1.1.4 Die meisten geraden Zahlen.vcxproj", "{1711AC74-7B3C-42B6-A655-542EDA2336E6}"
EndProject
Project("{8BC9CEB8-8B4A-11D0-8D11-00A0C91BC942}") = "1.1.5 Datum-String zerlegen", "1.1.5 Datum-String zerlegen\1.1.5 Datum-String zerlegen.vcxproj", "{6ED91DF2-904C-4FA6-8F69-B310A2359DB2}"
EndProject
Project("{8BC9CEB8-8B4A-11D0-8D11-00A0C91BC942}") = "1.1.6 String vervielfachen", "1.1.6 String vervielfachen\1.1.6 String vervielfachen.vcxproj", "{03CCA002-5B3F-4FC2-9FEA-BCE0FBC2869F}"
EndProject
Project("{2150E333-8FDC-42A3-9474-1A3956D46DE8}") = "Aufgabenblatt 2 Funktionen und Datenstrukturen", "Aufgabenblatt 2 Funktionen und Datenstrukturen", "{F3FCFDB7-1D9C-49B7-A170-648349520D5F}"
	ProjectSection(SolutionItems) = preProject
		2. Funktionen und Datenstrukturen.pdf = 2. Funktionen und Datenstrukturen.pdf
	EndProjectSection
EndProject
Project("{8BC9CEB8-8B4A-11D0-8D11-00A0C91BC942}") = "2.1.1 Datenstruktur komplex", "2.1.1 Datenstruktur komplex\2.1.1 Datenstruktur komplex.vcxproj", "{270F1D8B-E0B6-4AC9-B866-58E35956A3E0}"
EndProject
Project("{8BC9CEB8-8B4A-11D0-8D11-00A0C91BC942}") = "2.1.3 Datenstruktur mystring", "2.1.3 Datenstruktur mystring\2.1.3 Datenstruktur mystring.vcxproj", "{0D24F4E1-4688-4561-BC95-7CADBC85C6E0}"
EndProject
Project("{2150E333-8FDC-42A3-9474-1A3956D46DE8}") = "Aufgabenblatt 3 Klassen", "Aufgabenblatt 3 Klassen", "{0B5A7DC2-E421-4ADF-B57D-4F14E4C1AE96}"
EndProject
Project("{8BC9CEB8-8B4A-11D0-8D11-00A0C91BC942}") = "3.2.3 Erweiterte Klasse datum", "3.2.3 Erweiterte Klasse datum\3.2.3 Erweiterte Klasse datum.vcxproj", "{0AEC4101-34F1-4F8F-9304-EC1CE76067E4}"
EndProject
Project("{2150E333-8FDC-42A3-9474-1A3956D46DE8}") = "Aufgabenblatt 4 Komplexere Klassen und Klassenentwurf", "Aufgabenblatt 4 Komplexere Klassen und Klassenentwurf", "{BC98FEC2-2DE6-4904-9587-24156DB19F5C}"
EndProject
Project("{8BC9CEB8-8B4A-11D0-8D11-00A0C91BC942}") = "4.1.1 Klasse mystring", "4.1.1 Klasse mystring\4.1.1 Klasse mystring.vcxproj", "{22868C91-2AEA-4EEC-A4E0-F4C69FAA8AE3}"
EndProject
Project("{2150E333-8FDC-42A3-9474-1A3956D46DE8}") = "Zusatz", "Zusatz", "{CEA13966-2874-4816-AAD8-C580CBD20AE3}"
EndProject
Project("{8BC9CEB8-8B4A-11D0-8D11-00A0C91BC942}") = "Bingo", "Bingo\Bingo.vcxproj", "{E009E36A-59B7-465A-8430-44272230FBF3}"
EndProject
Project("{8BC9CEB8-8B4A-11D0-8D11-00A0C91BC942}") = "Würfelspiel", "Würfelspiel\Würfelspiel.vcxproj", "{41B71C2A-6CE3-4E8E-A27C-564331ED4300}"
EndProject
Project("{8BC9CEB8-8B4A-11D0-8D11-00A0C91BC942}") = "4.1.2 Entwurf und Implementierung der Klasse kasse", "4.1.2 Entwurf und Implementierung der Klasse kasse\4.1.2 Entwurf und Implementierung der Klasse kasse.vcxproj", "{0B7C2FA7-7007-4BAA-91C9-1969CBDF73B8}"
EndProject
Project("{2150E333-8FDC-42A3-9474-1A3956D46DE8}") = "Test", "Test", "{C9B41564-B909-4F03-A2C0-308DD0D428A1}"
EndProject
Project("{8BC9CEB8-8B4A-11D0-8D11-00A0C91BC942}") = "AAABBB", "AAABBB\AAABBB.vcxproj", "{ED385C13-2F97-44D0-BA76-C10DB86DA1C0}"
EndProject
Project("{2150E333-8FDC-42A3-9474-1A3956D46DE8}") = "Aufgabenblatt 7 Klassen, Templates und Exceptions", "Aufgabenblatt 7 Klassen, Templates und Exceptions", "{81EEE2D0-5105-41E9-BBA1-210D603088AC}"
EndProject
Project("{8BC9CEB8-8B4A-11D0-8D11-00A0C91BC942}") = "7.1.1 Vervollständigung einer Klasse", "7.1.1 Vervollständigung einer Klasse\7.1.1 Vervollständigung einer Klasse.vcxproj", "{75862455-9EA9-4275-90CD-4BBACF430564}"
EndProject
Global
	GlobalSection(SolutionConfigurationPlatforms) = preSolution
		Debug|x64 = Debug|x64
		Debug|x86 = Debug|x86
		Release|x64 = Release|x64
		Release|x86 = Release|x86
	EndGlobalSection
	GlobalSection(ProjectConfigurationPlatforms) = postSolution
		{33918427-A2A2-4C1B-A2B8-6DA3A3EABC17}.Debug|x64.ActiveCfg = Debug|x64
		{33918427-A2A2-4C1B-A2B8-6DA3A3EABC17}.Debug|x64.Build.0 = Debug|x64
		{33918427-A2A2-4C1B-A2B8-6DA3A3EABC17}.Debug|x86.ActiveCfg = Debug|Win32
		{33918427-A2A2-4C1B-A2B8-6DA3A3EABC17}.Debug|x86.Build.0 = Debug|Win32
		{33918427-A2A2-4C1B-A2B8-6DA3A3EABC17}.Release|x64.ActiveCfg = Release|x64
		{33918427-A2A2-4C1B-A2B8-6DA3A3EABC17}.Release|x64.Build.0 = Release|x64
		{33918427-A2A2-4C1B-A2B8-6DA3A3EABC17}.Release|x86.ActiveCfg = Release|Win32
		{33918427-A2A2-4C1B-A2B8-6DA3A3EABC17}.Release|x86.Build.0 = Release|Win32
		{20FC84C6-CECF-4B6C-AD18-945C692691E8}.Debug|x64.ActiveCfg = Debug|x64
		{20FC84C6-CECF-4B6C-AD18-945C692691E8}.Debug|x64.Build.0 = Debug|x64
		{20FC84C6-CECF-4B6C-AD18-945C692691E8}.Debug|x86.ActiveCfg = Debug|Win32
		{20FC84C6-CECF-4B6C-AD18-945C692691E8}.Debug|x86.Build.0 = Debug|Win32
		{20FC84C6-CECF-4B6C-AD18-945C692691E8}.Release|x64.ActiveCfg = Release|x64
		{20FC84C6-CECF-4B6C-AD18-945C692691E8}.Release|x64.Build.0 = Release|x64
		{20FC84C6-CECF-4B6C-AD18-945C692691E8}.Release|x86.ActiveCfg = Release|Win32
		{20FC84C6-CECF-4B6C-AD18-945C692691E8}.Release|x86.Build.0 = Release|Win32
		{1711AC74-7B3C-42B6-A655-542EDA2336E6}.Debug|x64.ActiveCfg = Debug|x64
		{1711AC74-7B3C-42B6-A655-542EDA2336E6}.Debug|x64.Build.0 = Debug|x64
		{1711AC74-7B3C-42B6-A655-542EDA2336E6}.Debug|x86.ActiveCfg = Debug|Win32
		{1711AC74-7B3C-42B6-A655-542EDA2336E6}.Debug|x86.Build.0 = Debug|Win32
		{1711AC74-7B3C-42B6-A655-542EDA2336E6}.Release|x64.ActiveCfg = Release|x64
		{1711AC74-7B3C-42B6-A655-542EDA2336E6}.Release|x64.Build.0 = Release|x64
		{1711AC74-7B3C-42B6-A655-542EDA2336E6}.Release|x86.ActiveCfg = Release|Win32
		{1711AC74-7B3C-42B6-A655-542EDA2336E6}.Release|x86.Build.0 = Release|Win32
		{6ED91DF2-904C-4FA6-8F69-B310A2359DB2}.Debug|x64.ActiveCfg = Debug|x64
		{6ED91DF2-904C-4FA6-8F69-B310A2359DB2}.Debug|x64.Build.0 = Debug|x64
		{6ED91DF2-904C-4FA6-8F69-B310A2359DB2}.Debug|x86.ActiveCfg = Debug|Win32
		{6ED91DF2-904C-4FA6-8F69-B310A2359DB2}.Debug|x86.Build.0 = Debug|Win32
		{6ED91DF2-904C-4FA6-8F69-B310A2359DB2}.Release|x64.ActiveCfg = Release|x64
		{6ED91DF2-904C-4FA6-8F69-B310A2359DB2}.Release|x64.Build.0 = Release|x64
		{6ED91DF2-904C-4FA6-8F69-B310A2359DB2}.Release|x86.ActiveCfg = Release|Win32
		{6ED91DF2-904C-4FA6-8F69-B310A2359DB2}.Release|x86.Build.0 = Release|Win32
		{03CCA002-5B3F-4FC2-9FEA-BCE0FBC2869F}.Debug|x64.ActiveCfg = Debug|x64
		{03CCA002-5B3F-4FC2-9FEA-BCE0FBC2869F}.Debug|x64.Build.0 = Debug|x64
		{03CCA002-5B3F-4FC2-9FEA-BCE0FBC2869F}.Debug|x86.ActiveCfg = Debug|Win32
		{03CCA002-5B3F-4FC2-9FEA-BCE0FBC2869F}.Debug|x86.Build.0 = Debug|Win32
		{03CCA002-5B3F-4FC2-9FEA-BCE0FBC2869F}.Release|x64.ActiveCfg = Release|x64
		{03CCA002-5B3F-4FC2-9FEA-BCE0FBC2869F}.Release|x64.Build.0 = Release|x64
		{03CCA002-5B3F-4FC2-9FEA-BCE0FBC2869F}.Release|x86.ActiveCfg = Release|Win32
		{03CCA002-5B3F-4FC2-9FEA-BCE0FBC2869F}.Release|x86.Build.0 = Release|Win32
		{270F1D8B-E0B6-4AC9-B866-58E35956A3E0}.Debug|x64.ActiveCfg = Debug|x64
		{270F1D8B-E0B6-4AC9-B866-58E35956A3E0}.Debug|x64.Build.0 = Debug|x64
		{270F1D8B-E0B6-4AC9-B866-58E35956A3E0}.Debug|x86.ActiveCfg = Debug|Win32
		{270F1D8B-E0B6-4AC9-B866-58E35956A3E0}.Debug|x86.Build.0 = Debug|Win32
		{270F1D8B-E0B6-4AC9-B866-58E35956A3E0}.Release|x64.ActiveCfg = Release|x64
		{270F1D8B-E0B6-4AC9-B866-58E35956A3E0}.Release|x64.Build.0 = Release|x64
		{270F1D8B-E0B6-4AC9-B866-58E35956A3E0}.Release|x86.ActiveCfg = Release|Win32
		{270F1D8B-E0B6-4AC9-B866-58E35956A3E0}.Release|x86.Build.0 = Release|Win32
		{0D24F4E1-4688-4561-BC95-7CADBC85C6E0}.Debug|x64.ActiveCfg = Debug|x64
		{0D24F4E1-4688-4561-BC95-7CADBC85C6E0}.Debug|x64.Build.0 = Debug|x64
		{0D24F4E1-4688-4561-BC95-7CADBC85C6E0}.Debug|x86.ActiveCfg = Debug|Win32
		{0D24F4E1-4688-4561-BC95-7CADBC85C6E0}.Debug|x86.Build.0 = Debug|Win32
		{0D24F4E1-4688-4561-BC95-7CADBC85C6E0}.Release|x64.ActiveCfg = Release|x64
		{0D24F4E1-4688-4561-BC95-7CADBC85C6E0}.Release|x64.Build.0 = Release|x64
		{0D24F4E1-4688-4561-BC95-7CADBC85C6E0}.Release|x86.ActiveCfg = Release|Win32
		{0D24F4E1-4688-4561-BC95-7CADBC85C6E0}.Release|x86.Build.0 = Release|Win32
		{0AEC4101-34F1-4F8F-9304-EC1CE76067E4}.Debug|x64.ActiveCfg = Debug|x64
		{0AEC4101-34F1-4F8F-9304-EC1CE76067E4}.Debug|x64.Build.0 = Debug|x64
		{0AEC4101-34F1-4F8F-9304-EC1CE76067E4}.Debug|x86.ActiveCfg = Debug|Win32
		{0AEC4101-34F1-4F8F-9304-EC1CE76067E4}.Debug|x86.Build.0 = Debug|Win32
		{0AEC4101-34F1-4F8F-9304-EC1CE76067E4}.Release|x64.ActiveCfg = Release|x64
		{0AEC4101-34F1-4F8F-9304-EC1CE76067E4}.Release|x64.Build.0 = Release|x64
		{0AEC4101-34F1-4F8F-9304-EC1CE76067E4}.Release|x86.ActiveCfg = Release|Win32
		{0AEC4101-34F1-4F8F-9304-EC1CE76067E4}.Release|x86.Build.0 = Release|Win32
		{22868C91-2AEA-4EEC-A4E0-F4C69FAA8AE3}.Debug|x64.ActiveCfg = Debug|x64
		{22868C91-2AEA-4EEC-A4E0-F4C69FAA8AE3}.Debug|x64.Build.0 = Debug|x64
		{22868C91-2AEA-4EEC-A4E0-F4C69FAA8AE3}.Debug|x86.ActiveCfg = Debug|Win32
		{22868C91-2AEA-4EEC-A4E0-F4C69FAA8AE3}.Debug|x86.Build.0 = Debug|Win32
		{22868C91-2AEA-4EEC-A4E0-F4C69FAA8AE3}.Release|x64.ActiveCfg = Release|x64
		{22868C91-2AEA-4EEC-A4E0-F4C69FAA8AE3}.Release|x64.Build.0 = Release|x64
		{22868C91-2AEA-4EEC-A4E0-F4C69FAA8AE3}.Release|x86.ActiveCfg = Release|Win32
		{22868C91-2AEA-4EEC-A4E0-F4C69FAA8AE3}.Release|x86.Build.0 = Release|Win32
		{E009E36A-59B7-465A-8430-44272230FBF3}.Debug|x64.ActiveCfg = Debug|x64
		{E009E36A-59B7-465A-8430-44272230FBF3}.Debug|x64.Build.0 = Debug|x64
		{E009E36A-59B7-465A-8430-44272230FBF3}.Debug|x86.ActiveCfg = Debug|Win32
		{E009E36A-59B7-465A-8430-44272230FBF3}.Debug|x86.Build.0 = Debug|Win32
		{E009E36A-59B7-465A-8430-44272230FBF3}.Release|x64.ActiveCfg = Release|x64
		{E009E36A-59B7-465A-8430-44272230FBF3}.Release|x64.Build.0 = Release|x64
		{E009E36A-59B7-465A-8430-44272230FBF3}.Release|x86.ActiveCfg = Release|Win32
		{E009E36A-59B7-465A-8430-44272230FBF3}.Release|x86.Build.0 = Release|Win32
		{41B71C2A-6CE3-4E8E-A27C-564331ED4300}.Debug|x64.ActiveCfg = Debug|x64
		{41B71C2A-6CE3-4E8E-A27C-564331ED4300}.Debug|x64.Build.0 = Debug|x64
		{41B71C2A-6CE3-4E8E-A27C-564331ED4300}.Debug|x86.ActiveCfg = Debug|Win32
		{41B71C2A-6CE3-4E8E-A27C-564331ED4300}.Debug|x86.Build.0 = Debug|Win32
		{41B71C2A-6CE3-4E8E-A27C-564331ED4300}.Release|x64.ActiveCfg = Release|x64
		{41B71C2A-6CE3-4E8E-A27C-564331ED4300}.Release|x64.Build.0 = Release|x64
		{41B71C2A-6CE3-4E8E-A27C-564331ED4300}.Release|x86.ActiveCfg = Release|Win32
		{41B71C2A-6CE3-4E8E-A27C-564331ED4300}.Release|x86.Build.0 = Release|Win32
		{0B7C2FA7-7007-4BAA-91C9-1969CBDF73B8}.Debug|x64.ActiveCfg = Debug|x64
		{0B7C2FA7-7007-4BAA-91C9-1969CBDF73B8}.Debug|x64.Build.0 = Debug|x64
		{0B7C2FA7-7007-4BAA-91C9-1969CBDF73B8}.Debug|x86.ActiveCfg = Debug|Win32
		{0B7C2FA7-7007-4BAA-91C9-1969CBDF73B8}.Debug|x86.Build.0 = Debug|Win32
		{0B7C2FA7-7007-4BAA-91C9-1969CBDF73B8}.Release|x64.ActiveCfg = Release|x64
		{0B7C2FA7-7007-4BAA-91C9-1969CBDF73B8}.Release|x64.Build.0 = Release|x64
		{0B7C2FA7-7007-4BAA-91C9-1969CBDF73B8}.Release|x86.ActiveCfg = Release|Win32
		{0B7C2FA7-7007-4BAA-91C9-1969CBDF73B8}.Release|x86.Build.0 = Release|Win32
		{ED385C13-2F97-44D0-BA76-C10DB86DA1C0}.Debug|x64.ActiveCfg = Debug|x64
		{ED385C13-2F97-44D0-BA76-C10DB86DA1C0}.Debug|x64.Build.0 = Debug|x64
		{ED385C13-2F97-44D0-BA76-C10DB86DA1C0}.Debug|x86.ActiveCfg = Debug|Win32
		{ED385C13-2F97-44D0-BA76-C10DB86DA1C0}.Debug|x86.Build.0 = Debug|Win32
		{ED385C13-2F97-44D0-BA76-C10DB86DA1C0}.Release|x64.ActiveCfg = Release|x64
		{ED385C13-2F97-44D0-BA76-C10DB86DA1C0}.Release|x64.Build.0 = Release|x64
		{ED385C13-2F97-44D0-BA76-C10DB86DA1C0}.Release|x86.ActiveCfg = Release|Win32
		{ED385C13-2F97-44D0-BA76-C10DB86DA1C0}.Release|x86.Build.0 = Release|Win32
		{75862455-9EA9-4275-90CD-4BBACF430564}.Debug|x64.ActiveCfg = Debug|x64
		{75862455-9EA9-4275-90CD-4BBACF430564}.Debug|x64.Build.0 = Debug|x64
		{75862455-9EA9-4275-90CD-4BBACF430564}.Debug|x86.ActiveCfg = Debug|Win32
		{75862455-9EA9-4275-90CD-4BBACF430564}.Debug|x86.Build.0 = Debug|Win32
		{75862455-9EA9-4275-90CD-4BBACF430564}.Release|x64.ActiveCfg = Release|x64
		{75862455-9EA9-4275-90CD-4BBACF430564}.Release|x64.Build.0 = Release|x64
		{75862455-9EA9-4275-90CD-4BBACF430564}.Release|x86.ActiveCfg = Release|Win32
		{75862455-9EA9-4275-90CD-4BBACF430564}.Release|x86.Build.0 = Release|Win32
	EndGlobalSection
	GlobalSection(SolutionProperties) = preSolution
		HideSolutionNode = FALSE
	EndGlobalSection
	GlobalSection(NestedProjects) = preSolution
		{33918427-A2A2-4C1B-A2B8-6DA3A3EABC17} = {FCCA1480-F89F-493B-B227-BC2BCA1948E1}
		{20FC84C6-CECF-4B6C-AD18-945C692691E8} = {FCCA1480-F89F-493B-B227-BC2BCA1948E1}
		{1711AC74-7B3C-42B6-A655-542EDA2336E6} = {FCCA1480-F89F-493B-B227-BC2BCA1948E1}
		{6ED91DF2-904C-4FA6-8F69-B310A2359DB2} = {FCCA1480-F89F-493B-B227-BC2BCA1948E1}
		{03CCA002-5B3F-4FC2-9FEA-BCE0FBC2869F} = {FCCA1480-F89F-493B-B227-BC2BCA1948E1}
		{270F1D8B-E0B6-4AC9-B866-58E35956A3E0} = {F3FCFDB7-1D9C-49B7-A170-648349520D5F}
		{0D24F4E1-4688-4561-BC95-7CADBC85C6E0} = {F3FCFDB7-1D9C-49B7-A170-648349520D5F}
		{0AEC4101-34F1-4F8F-9304-EC1CE76067E4} = {0B5A7DC2-E421-4ADF-B57D-4F14E4C1AE96}
		{22868C91-2AEA-4EEC-A4E0-F4C69FAA8AE3} = {BC98FEC2-2DE6-4904-9587-24156DB19F5C}
		{E009E36A-59B7-465A-8430-44272230FBF3} = {CEA13966-2874-4816-AAD8-C580CBD20AE3}
		{41B71C2A-6CE3-4E8E-A27C-564331ED4300} = {CEA13966-2874-4816-AAD8-C580CBD20AE3}
		{0B7C2FA7-7007-4BAA-91C9-1969CBDF73B8} = {BC98FEC2-2DE6-4904-9587-24156DB19F5C}
		{C9B41564-B909-4F03-A2C0-308DD0D428A1} = {CEA13966-2874-4816-AAD8-C580CBD20AE3}
		{ED385C13-2F97-44D0-BA76-C10DB86DA1C0} = {C9B41564-B909-4F03-A2C0-308DD0D428A1}
		{75862455-9EA9-4275-90CD-4BBACF430564} = {81EEE2D0-5105-41E9-BBA1-210D603088AC}
	EndGlobalSection
EndGlobal
